// !$*UTF8*$!
{
	archiveVersion = 1;
	classes = {
	};
	objectVersion = 56;
	objects = {

/* Begin PBXBuildFile section */
		461D0B222A666E3B009CDC6A /* CacheManager.swift in Sources */ = {isa = PBXBuildFile; fileRef = 461D0B212A666E3B009CDC6A /* CacheManager.swift */; };
		461D0B242A6674BD009CDC6A /* SmartCryptoURLs.swift in Sources */ = {isa = PBXBuildFile; fileRef = 461D0B232A6674BD009CDC6A /* SmartCryptoURLs.swift */; };
		4699DCBF2A5FBA95007E572E /* Assets.xcassets in Resources */ = {isa = PBXBuildFile; fileRef = 4699DCBE2A5FBA95007E572E /* Assets.xcassets */; };
		4699DCC32A5FBB6F007E572E /* Colors.swift in Sources */ = {isa = PBXBuildFile; fileRef = 4699DCC22A5FBB6F007E572E /* Colors.swift */; };
		4699DCC52A5FBD44007E572E /* HomeView.swift in Sources */ = {isa = PBXBuildFile; fileRef = 4699DCC42A5FBD44007E572E /* HomeView.swift */; };
		4699DCC72A5FBF36007E572E /* CircleButtonView.swift in Sources */ = {isa = PBXBuildFile; fileRef = 4699DCC62A5FBF36007E572E /* CircleButtonView.swift */; };
		4699DCCA2A5FD1DE007E572E /* CircleButtonAnimation.swift in Sources */ = {isa = PBXBuildFile; fileRef = 4699DCC92A5FD1DE007E572E /* CircleButtonAnimation.swift */; };
		4699DCCF2A5FD6E3007E572E /* CoinModel.swift in Sources */ = {isa = PBXBuildFile; fileRef = 4699DCCE2A5FD6E3007E572E /* CoinModel.swift */; };
		4699DCD12A5FE28E007E572E /* CoinRowView.swift in Sources */ = {isa = PBXBuildFile; fileRef = 4699DCD02A5FE28E007E572E /* CoinRowView.swift */; };
		4699DCD32A5FE37F007E572E /* PreviewExtensions.swift in Sources */ = {isa = PBXBuildFile; fileRef = 4699DCD22A5FE37F007E572E /* PreviewExtensions.swift */; };
		4699DCD52A6004E1007E572E /* Double.swift in Sources */ = {isa = PBXBuildFile; fileRef = 4699DCD42A6004E1007E572E /* Double.swift */; };
		4699DCD72A6026B8007E572E /* HomeViewModel.swift in Sources */ = {isa = PBXBuildFile; fileRef = 4699DCD62A6026B8007E572E /* HomeViewModel.swift */; };
		46A756022A65BD9B0050575B /* StatisticalModel.swift in Sources */ = {isa = PBXBuildFile; fileRef = 46A756012A65BD9B0050575B /* StatisticalModel.swift */; };
		46AEB1392A5EBE4B00809634 /* SmartCryptoApp.swift in Sources */ = {isa = PBXBuildFile; fileRef = 46AEB1382A5EBE4B00809634 /* SmartCryptoApp.swift */; };
		46AEB13B2A5EBE4B00809634 /* ContentView.swift in Sources */ = {isa = PBXBuildFile; fileRef = 46AEB13A2A5EBE4B00809634 /* ContentView.swift */; };
		46AEB1402A5EBE4C00809634 /* Preview Assets.xcassets in Resources */ = {isa = PBXBuildFile; fileRef = 46AEB13F2A5EBE4C00809634 /* Preview Assets.xcassets */; };
		46BF170E2A652E6400BB3B72 /* SearchBarView.swift in Sources */ = {isa = PBXBuildFile; fileRef = 46BF170D2A652E6400BB3B72 /* SearchBarView.swift */; };
		46BF17102A65438600BB3B72 /* UIApplication.swift in Sources */ = {isa = PBXBuildFile; fileRef = 46BF170F2A65438600BB3B72 /* UIApplication.swift */; };
		46BF17122A65596500BB3B72 /* MarketStatisticalModel.swift in Sources */ = {isa = PBXBuildFile; fileRef = 46BF17112A65596500BB3B72 /* MarketStatisticalModel.swift */; };
		46BF17142A65607800BB3B72 /* MarketDetailView.swift in Sources */ = {isa = PBXBuildFile; fileRef = 46BF17132A65607800BB3B72 /* MarketDetailView.swift */; };
		46BF17162A65661100BB3B72 /* HomeStatisticView.swift in Sources */ = {isa = PBXBuildFile; fileRef = 46BF17152A65661100BB3B72 /* HomeStatisticView.swift */; };
		46BF17182A65752000BB3B72 /* MarketDataService.swift in Sources */ = {isa = PBXBuildFile; fileRef = 46BF17172A65752000BB3B72 /* MarketDataService.swift */; };
		46C40D962A611C4A0028EFDA /* DebugLogger.swift in Sources */ = {isa = PBXBuildFile; fileRef = 46C40D952A611C4A0028EFDA /* DebugLogger.swift */; };
		46C40D992A611C9A0028EFDA /* CoinDataService.swift in Sources */ = {isa = PBXBuildFile; fileRef = 46C40D982A611C9A0028EFDA /* CoinDataService.swift */; };
		46C40D9C2A6136000028EFDA /* NetworkManager.swift in Sources */ = {isa = PBXBuildFile; fileRef = 46C40D9B2A6136000028EFDA /* NetworkManager.swift */; };
		46C40D9E2A614E670028EFDA /* CoinImageView.swift in Sources */ = {isa = PBXBuildFile; fileRef = 46C40D9D2A614E670028EFDA /* CoinImageView.swift */; };
		46C40DA02A614F4F0028EFDA /* CoinImageDownloadViewModel.swift in Sources */ = {isa = PBXBuildFile; fileRef = 46C40D9F2A614F4F0028EFDA /* CoinImageDownloadViewModel.swift */; };
		46C40DA22A615B5B0028EFDA /* CoinImageService.swift in Sources */ = {isa = PBXBuildFile; fileRef = 46C40DA12A615B5B0028EFDA /* CoinImageService.swift */; };
/* End PBXBuildFile section */

/* Begin PBXFileReference section */
		461D0B212A666E3B009CDC6A /* CacheManager.swift */ = {isa = PBXFileReference; lastKnownFileType = sourcecode.swift; path = CacheManager.swift; sourceTree = "<group>"; };
		461D0B232A6674BD009CDC6A /* SmartCryptoURLs.swift */ = {isa = PBXFileReference; lastKnownFileType = sourcecode.swift; path = SmartCryptoURLs.swift; sourceTree = "<group>"; };
		4699DCBE2A5FBA95007E572E /* Assets.xcassets */ = {isa = PBXFileReference; lastKnownFileType = folder.assetcatalog; path = Assets.xcassets; sourceTree = "<group>"; };
		4699DCC22A5FBB6F007E572E /* Colors.swift */ = {isa = PBXFileReference; lastKnownFileType = sourcecode.swift; path = Colors.swift; sourceTree = "<group>"; };
		4699DCC42A5FBD44007E572E /* HomeView.swift */ = {isa = PBXFileReference; lastKnownFileType = sourcecode.swift; path = HomeView.swift; sourceTree = "<group>"; };
		4699DCC62A5FBF36007E572E /* CircleButtonView.swift */ = {isa = PBXFileReference; lastKnownFileType = sourcecode.swift; path = CircleButtonView.swift; sourceTree = "<group>"; };
		4699DCC92A5FD1DE007E572E /* CircleButtonAnimation.swift */ = {isa = PBXFileReference; lastKnownFileType = sourcecode.swift; path = CircleButtonAnimation.swift; sourceTree = "<group>"; };
		4699DCCE2A5FD6E3007E572E /* CoinModel.swift */ = {isa = PBXFileReference; lastKnownFileType = sourcecode.swift; path = CoinModel.swift; sourceTree = "<group>"; };
		4699DCD02A5FE28E007E572E /* CoinRowView.swift */ = {isa = PBXFileReference; lastKnownFileType = sourcecode.swift; path = CoinRowView.swift; sourceTree = "<group>"; };
		4699DCD22A5FE37F007E572E /* PreviewExtensions.swift */ = {isa = PBXFileReference; lastKnownFileType = sourcecode.swift; path = PreviewExtensions.swift; sourceTree = "<group>"; };
		4699DCD42A6004E1007E572E /* Double.swift */ = {isa = PBXFileReference; lastKnownFileType = sourcecode.swift; path = Double.swift; sourceTree = "<group>"; };
		4699DCD62A6026B8007E572E /* HomeViewModel.swift */ = {isa = PBXFileReference; lastKnownFileType = sourcecode.swift; path = HomeViewModel.swift; sourceTree = "<group>"; };
		46A756012A65BD9B0050575B /* StatisticalModel.swift */ = {isa = PBXFileReference; lastKnownFileType = sourcecode.swift; path = StatisticalModel.swift; sourceTree = "<group>"; };
		46AEB1352A5EBE4B00809634 /* SmartCrypto.app */ = {isa = PBXFileReference; explicitFileType = wrapper.application; includeInIndex = 0; path = SmartCrypto.app; sourceTree = BUILT_PRODUCTS_DIR; };
		46AEB1382A5EBE4B00809634 /* SmartCryptoApp.swift */ = {isa = PBXFileReference; lastKnownFileType = sourcecode.swift; path = SmartCryptoApp.swift; sourceTree = "<group>"; };
		46AEB13A2A5EBE4B00809634 /* ContentView.swift */ = {isa = PBXFileReference; lastKnownFileType = sourcecode.swift; path = ContentView.swift; sourceTree = "<group>"; };
		46AEB13F2A5EBE4C00809634 /* Preview Assets.xcassets */ = {isa = PBXFileReference; lastKnownFileType = folder.assetcatalog; path = "Preview Assets.xcassets"; sourceTree = "<group>"; };
		46BF170D2A652E6400BB3B72 /* SearchBarView.swift */ = {isa = PBXFileReference; lastKnownFileType = sourcecode.swift; path = SearchBarView.swift; sourceTree = "<group>"; };
		46BF170F2A65438600BB3B72 /* UIApplication.swift */ = {isa = PBXFileReference; lastKnownFileType = sourcecode.swift; path = UIApplication.swift; sourceTree = "<group>"; };
		46BF17112A65596500BB3B72 /* MarketStatisticalModel.swift */ = {isa = PBXFileReference; lastKnownFileType = sourcecode.swift; path = MarketStatisticalModel.swift; sourceTree = "<group>"; };
		46BF17132A65607800BB3B72 /* MarketDetailView.swift */ = {isa = PBXFileReference; lastKnownFileType = sourcecode.swift; path = MarketDetailView.swift; sourceTree = "<group>"; };
		46BF17152A65661100BB3B72 /* HomeStatisticView.swift */ = {isa = PBXFileReference; lastKnownFileType = sourcecode.swift; path = HomeStatisticView.swift; sourceTree = "<group>"; };
		46BF17172A65752000BB3B72 /* MarketDataService.swift */ = {isa = PBXFileReference; lastKnownFileType = sourcecode.swift; path = MarketDataService.swift; sourceTree = "<group>"; };
		46C40D952A611C4A0028EFDA /* DebugLogger.swift */ = {isa = PBXFileReference; lastKnownFileType = sourcecode.swift; path = DebugLogger.swift; sourceTree = "<group>"; };
		46C40D982A611C9A0028EFDA /* CoinDataService.swift */ = {isa = PBXFileReference; lastKnownFileType = sourcecode.swift; path = CoinDataService.swift; sourceTree = "<group>"; };
		46C40D9B2A6136000028EFDA /* NetworkManager.swift */ = {isa = PBXFileReference; lastKnownFileType = sourcecode.swift; path = NetworkManager.swift; sourceTree = "<group>"; };
		46C40D9D2A614E670028EFDA /* CoinImageView.swift */ = {isa = PBXFileReference; lastKnownFileType = sourcecode.swift; path = CoinImageView.swift; sourceTree = "<group>"; };
		46C40D9F2A614F4F0028EFDA /* CoinImageDownloadViewModel.swift */ = {isa = PBXFileReference; lastKnownFileType = sourcecode.swift; path = CoinImageDownloadViewModel.swift; sourceTree = "<group>"; };
		46C40DA12A615B5B0028EFDA /* CoinImageService.swift */ = {isa = PBXFileReference; lastKnownFileType = sourcecode.swift; path = CoinImageService.swift; sourceTree = "<group>"; };
/* End PBXFileReference section */

/* Begin PBXFrameworksBuildPhase section */
		46AEB1322A5EBE4B00809634 /* Frameworks */ = {
			isa = PBXFrameworksBuildPhase;
			buildActionMask = 2147483647;
			files = (
			);
			runOnlyForDeploymentPostprocessing = 0;
		};
/* End PBXFrameworksBuildPhase section */

/* Begin PBXGroup section */
		461D0B202A666E28009CDC6A /* CacheManager */ = {
			isa = PBXGroup;
			children = (
				461D0B212A666E3B009CDC6A /* CacheManager.swift */,
			);
			path = CacheManager;
			sourceTree = "<group>";
		};
		4699DCB82A5FB8FB007E572E /* Modules */ = {
			isa = PBXGroup;
			children = (
				4699DCB92A5FB905007E572E /* Home */,
			);
			path = Modules;
			sourceTree = "<group>";
		};
		4699DCB92A5FB905007E572E /* Home */ = {
			isa = PBXGroup;
			children = (
				4699DCCC2A5FD6B6007E572E /* Model */,
				4699DCBA2A5FB90A007E572E /* Views */,
				4699DCCD2A5FD6BD007E572E /* ViewModel */,
			);
			path = Home;
			sourceTree = "<group>";
		};
		4699DCBA2A5FB90A007E572E /* Views */ = {
			isa = PBXGroup;
			children = (
				4699DCC42A5FBD44007E572E /* HomeView.swift */,
				46BF17152A65661100BB3B72 /* HomeStatisticView.swift */,
				4699DCD02A5FE28E007E572E /* CoinRowView.swift */,
				4699DCC82A5FD1BF007E572E /* Components */,
			);
			path = Views;
			sourceTree = "<group>";
		};
		4699DCC12A5FBB51007E572E /* Extensions */ = {
			isa = PBXGroup;
			children = (
				4699DCC22A5FBB6F007E572E /* Colors.swift */,
				4699DCD22A5FE37F007E572E /* PreviewExtensions.swift */,
				4699DCD42A6004E1007E572E /* Double.swift */,
				46BF170F2A65438600BB3B72 /* UIApplication.swift */,
			);
			path = Extensions;
			sourceTree = "<group>";
		};
		4699DCC82A5FD1BF007E572E /* Components */ = {
			isa = PBXGroup;
			children = (
				4699DCC62A5FBF36007E572E /* CircleButtonView.swift */,
				4699DCC92A5FD1DE007E572E /* CircleButtonAnimation.swift */,
				46C40D9D2A614E670028EFDA /* CoinImageView.swift */,
				46BF170D2A652E6400BB3B72 /* SearchBarView.swift */,
				46BF17132A65607800BB3B72 /* MarketDetailView.swift */,
			);
			path = Components;
			sourceTree = "<group>";
		};
		4699DCCC2A5FD6B6007E572E /* Model */ = {
			isa = PBXGroup;
			children = (
				4699DCCE2A5FD6E3007E572E /* CoinModel.swift */,
				46BF17112A65596500BB3B72 /* MarketStatisticalModel.swift */,
				46A756012A65BD9B0050575B /* StatisticalModel.swift */,
			);
			path = Model;
			sourceTree = "<group>";
		};
		4699DCCD2A5FD6BD007E572E /* ViewModel */ = {
			isa = PBXGroup;
			children = (
				4699DCD62A6026B8007E572E /* HomeViewModel.swift */,
				46C40D9F2A614F4F0028EFDA /* CoinImageDownloadViewModel.swift */,
			);
			path = ViewModel;
			sourceTree = "<group>";
		};
		46AEB12C2A5EBE4B00809634 = {
			isa = PBXGroup;
			children = (
				46AEB1372A5EBE4B00809634 /* SmartCrypto */,
				46AEB1362A5EBE4B00809634 /* Products */,
			);
			sourceTree = "<group>";
		};
		46AEB1362A5EBE4B00809634 /* Products */ = {
			isa = PBXGroup;
			children = (
				46AEB1352A5EBE4B00809634 /* SmartCrypto.app */,
			);
			name = Products;
			sourceTree = "<group>";
		};
		46AEB1372A5EBE4B00809634 /* SmartCrypto */ = {
			isa = PBXGroup;
			children = (
				46C40D9A2A6135EB0028EFDA /* NetworkManager */,
				46C40D932A611C090028EFDA /* Utilities */,
				4699DCC12A5FBB51007E572E /* Extensions */,
				46C40D972A611C6D0028EFDA /* Services */,
				4699DCB82A5FB8FB007E572E /* Modules */,
				46AEB1382A5EBE4B00809634 /* SmartCryptoApp.swift */,
				46AEB13A2A5EBE4B00809634 /* ContentView.swift */,
				4699DCBE2A5FBA95007E572E /* Assets.xcassets */,
				46AEB13E2A5EBE4C00809634 /* Preview Content */,
			);
			path = SmartCrypto;
			sourceTree = "<group>";
		};
		46AEB13E2A5EBE4C00809634 /* Preview Content */ = {
			isa = PBXGroup;
			children = (
				46AEB13F2A5EBE4C00809634 /* Preview Assets.xcassets */,
			);
			path = "Preview Content";
			sourceTree = "<group>";
		};
		46C40D932A611C090028EFDA /* Utilities */ = {
			isa = PBXGroup;
			children = (
				461D0B202A666E28009CDC6A /* CacheManager */,
				46C40D942A611C300028EFDA /* DebugLogger */,
			);
			path = Utilities;
			sourceTree = "<group>";
		};
		46C40D942A611C300028EFDA /* DebugLogger */ = {
			isa = PBXGroup;
			children = (
				46C40D952A611C4A0028EFDA /* DebugLogger.swift */,
			);
			path = DebugLogger;
			sourceTree = "<group>";
		};
		46C40D972A611C6D0028EFDA /* Services */ = {
			isa = PBXGroup;
			children = (
				46C40D982A611C9A0028EFDA /* CoinDataService.swift */,
				46C40DA12A615B5B0028EFDA /* CoinImageService.swift */,
				46BF17172A65752000BB3B72 /* MarketDataService.swift */,
			);
			path = Services;
			sourceTree = "<group>";
		};
		46C40D9A2A6135EB0028EFDA /* NetworkManager */ = {
			isa = PBXGroup;
			children = (
				46C40D9B2A6136000028EFDA /* NetworkManager.swift */,
				461D0B232A6674BD009CDC6A /* SmartCryptoURLs.swift */,
			);
			path = NetworkManager;
			sourceTree = "<group>";
		};
/* End PBXGroup section */

/* Begin PBXNativeTarget section */
		46AEB1342A5EBE4B00809634 /* SmartCrypto */ = {
			isa = PBXNativeTarget;
			buildConfigurationList = 46AEB1432A5EBE4C00809634 /* Build configuration list for PBXNativeTarget "SmartCrypto" */;
			buildPhases = (
				46AEB1312A5EBE4B00809634 /* Sources */,
				46AEB1322A5EBE4B00809634 /* Frameworks */,
				46AEB1332A5EBE4B00809634 /* Resources */,
			);
			buildRules = (
			);
			dependencies = (
			);
			name = SmartCrypto;
			productName = SmartCrypto;
			productReference = 46AEB1352A5EBE4B00809634 /* SmartCrypto.app */;
			productType = "com.apple.product-type.application";
		};
/* End PBXNativeTarget section */

/* Begin PBXProject section */
		46AEB12D2A5EBE4B00809634 /* Project object */ = {
			isa = PBXProject;
			attributes = {
				BuildIndependentTargetsInParallel = 1;
				LastSwiftUpdateCheck = 1430;
				LastUpgradeCheck = 1430;
				TargetAttributes = {
					46AEB1342A5EBE4B00809634 = {
						CreatedOnToolsVersion = 14.3.1;
					};
				};
			};
			buildConfigurationList = 46AEB1302A5EBE4B00809634 /* Build configuration list for PBXProject "SmartCrypto" */;
			compatibilityVersion = "Xcode 14.0";
			developmentRegion = en;
			hasScannedForEncodings = 0;
			knownRegions = (
				en,
				Base,
			);
			mainGroup = 46AEB12C2A5EBE4B00809634;
			productRefGroup = 46AEB1362A5EBE4B00809634 /* Products */;
			projectDirPath = "";
			projectRoot = "";
			targets = (
				46AEB1342A5EBE4B00809634 /* SmartCrypto */,
			);
		};
/* End PBXProject section */

/* Begin PBXResourcesBuildPhase section */
		46AEB1332A5EBE4B00809634 /* Resources */ = {
			isa = PBXResourcesBuildPhase;
			buildActionMask = 2147483647;
			files = (
				46AEB1402A5EBE4C00809634 /* Preview Assets.xcassets in Resources */,
				4699DCBF2A5FBA95007E572E /* Assets.xcassets in Resources */,
			);
			runOnlyForDeploymentPostprocessing = 0;
		};
/* End PBXResourcesBuildPhase section */

/* Begin PBXSourcesBuildPhase section */
		46AEB1312A5EBE4B00809634 /* Sources */ = {
			isa = PBXSourcesBuildPhase;
			buildActionMask = 2147483647;
			files = (
				46BF17162A65661100BB3B72 /* HomeStatisticView.swift in Sources */,
				46BF17182A65752000BB3B72 /* MarketDataService.swift in Sources */,
				4699DCD12A5FE28E007E572E /* CoinRowView.swift in Sources */,
				4699DCD72A6026B8007E572E /* HomeViewModel.swift in Sources */,
				46AEB13B2A5EBE4B00809634 /* ContentView.swift in Sources */,
				4699DCD32A5FE37F007E572E /* PreviewExtensions.swift in Sources */,
				4699DCC52A5FBD44007E572E /* HomeView.swift in Sources */,
				46BF17122A65596500BB3B72 /* MarketStatisticalModel.swift in Sources */,
				461D0B242A6674BD009CDC6A /* SmartCryptoURLs.swift in Sources */,
				46C40D992A611C9A0028EFDA /* CoinDataService.swift in Sources */,
				46C40DA02A614F4F0028EFDA /* CoinImageDownloadViewModel.swift in Sources */,
				46C40DA22A615B5B0028EFDA /* CoinImageService.swift in Sources */,
				461D0B222A666E3B009CDC6A /* CacheManager.swift in Sources */,
				46BF17102A65438600BB3B72 /* UIApplication.swift in Sources */,
				4699DCC32A5FBB6F007E572E /* Colors.swift in Sources */,
				4699DCC72A5FBF36007E572E /* CircleButtonView.swift in Sources */,
				46BF170E2A652E6400BB3B72 /* SearchBarView.swift in Sources */,
				46A756022A65BD9B0050575B /* StatisticalModel.swift in Sources */,
				46C40D962A611C4A0028EFDA /* DebugLogger.swift in Sources */,
				4699DCCA2A5FD1DE007E572E /* CircleButtonAnimation.swift in Sources */,
				46C40D9C2A6136000028EFDA /* NetworkManager.swift in Sources */,
				46C40D9E2A614E670028EFDA /* CoinImageView.swift in Sources */,
				46AEB1392A5EBE4B00809634 /* SmartCryptoApp.swift in Sources */,
				4699DCD52A6004E1007E572E /* Double.swift in Sources */,
				46BF17142A65607800BB3B72 /* MarketDetailView.swift in Sources */,
				4699DCCF2A5FD6E3007E572E /* CoinModel.swift in Sources */,
			);
			runOnlyForDeploymentPostprocessing = 0;
		};
/* End PBXSourcesBuildPhase section */

/* Begin XCBuildConfiguration section */
		46AEB1412A5EBE4C00809634 /* Debug */ = {
			isa = XCBuildConfiguration;
			buildSettings = {
				ALWAYS_SEARCH_USER_PATHS = NO;
				CLANG_ANALYZER_NONNULL = YES;
				CLANG_ANALYZER_NUMBER_OBJECT_CONVERSION = YES_AGGRESSIVE;
				CLANG_CXX_LANGUAGE_STANDARD = "gnu++20";
				CLANG_ENABLE_MODULES = YES;
				CLANG_ENABLE_OBJC_ARC = YES;
				CLANG_ENABLE_OBJC_WEAK = YES;
				CLANG_WARN_BLOCK_CAPTURE_AUTORELEASING = YES;
				CLANG_WARN_BOOL_CONVERSION = YES;
				CLANG_WARN_COMMA = YES;
				CLANG_WARN_CONSTANT_CONVERSION = YES;
				CLANG_WARN_DEPRECATED_OBJC_IMPLEMENTATIONS = YES;
				CLANG_WARN_DIRECT_OBJC_ISA_USAGE = YES_ERROR;
				CLANG_WARN_DOCUMENTATION_COMMENTS = YES;
				CLANG_WARN_EMPTY_BODY = YES;
				CLANG_WARN_ENUM_CONVERSION = YES;
				CLANG_WARN_INFINITE_RECURSION = YES;
				CLANG_WARN_INT_CONVERSION = YES;
				CLANG_WARN_NON_LITERAL_NULL_CONVERSION = YES;
				CLANG_WARN_OBJC_IMPLICIT_RETAIN_SELF = YES;
				CLANG_WARN_OBJC_LITERAL_CONVERSION = YES;
				CLANG_WARN_OBJC_ROOT_CLASS = YES_ERROR;
				CLANG_WARN_QUOTED_INCLUDE_IN_FRAMEWORK_HEADER = YES;
				CLANG_WARN_RANGE_LOOP_ANALYSIS = YES;
				CLANG_WARN_STRICT_PROTOTYPES = YES;
				CLANG_WARN_SUSPICIOUS_MOVE = YES;
				CLANG_WARN_UNGUARDED_AVAILABILITY = YES_AGGRESSIVE;
				CLANG_WARN_UNREACHABLE_CODE = YES;
				CLANG_WARN__DUPLICATE_METHOD_MATCH = YES;
				COPY_PHASE_STRIP = NO;
				DEBUG_INFORMATION_FORMAT = dwarf;
				ENABLE_STRICT_OBJC_MSGSEND = YES;
				ENABLE_TESTABILITY = YES;
				GCC_C_LANGUAGE_STANDARD = gnu11;
				GCC_DYNAMIC_NO_PIC = NO;
				GCC_NO_COMMON_BLOCKS = YES;
				GCC_OPTIMIZATION_LEVEL = 0;
				GCC_PREPROCESSOR_DEFINITIONS = (
					"DEBUG=1",
					"$(inherited)",
				);
				GCC_WARN_64_TO_32_BIT_CONVERSION = YES;
				GCC_WARN_ABOUT_RETURN_TYPE = YES_ERROR;
				GCC_WARN_UNDECLARED_SELECTOR = YES;
				GCC_WARN_UNINITIALIZED_AUTOS = YES_AGGRESSIVE;
				GCC_WARN_UNUSED_FUNCTION = YES;
				GCC_WARN_UNUSED_VARIABLE = YES;
				IPHONEOS_DEPLOYMENT_TARGET = 16.4;
				MTL_ENABLE_DEBUG_INFO = INCLUDE_SOURCE;
				MTL_FAST_MATH = YES;
				ONLY_ACTIVE_ARCH = YES;
				SDKROOT = iphoneos;
				SWIFT_ACTIVE_COMPILATION_CONDITIONS = DEBUG;
				SWIFT_OPTIMIZATION_LEVEL = "-Onone";
			};
			name = Debug;
		};
		46AEB1422A5EBE4C00809634 /* Release */ = {
			isa = XCBuildConfiguration;
			buildSettings = {
				ALWAYS_SEARCH_USER_PATHS = NO;
				CLANG_ANALYZER_NONNULL = YES;
				CLANG_ANALYZER_NUMBER_OBJECT_CONVERSION = YES_AGGRESSIVE;
				CLANG_CXX_LANGUAGE_STANDARD = "gnu++20";
				CLANG_ENABLE_MODULES = YES;
				CLANG_ENABLE_OBJC_ARC = YES;
				CLANG_ENABLE_OBJC_WEAK = YES;
				CLANG_WARN_BLOCK_CAPTURE_AUTORELEASING = YES;
				CLANG_WARN_BOOL_CONVERSION = YES;
				CLANG_WARN_COMMA = YES;
				CLANG_WARN_CONSTANT_CONVERSION = YES;
				CLANG_WARN_DEPRECATED_OBJC_IMPLEMENTATIONS = YES;
				CLANG_WARN_DIRECT_OBJC_ISA_USAGE = YES_ERROR;
				CLANG_WARN_DOCUMENTATION_COMMENTS = YES;
				CLANG_WARN_EMPTY_BODY = YES;
				CLANG_WARN_ENUM_CONVERSION = YES;
				CLANG_WARN_INFINITE_RECURSION = YES;
				CLANG_WARN_INT_CONVERSION = YES;
				CLANG_WARN_NON_LITERAL_NULL_CONVERSION = YES;
				CLANG_WARN_OBJC_IMPLICIT_RETAIN_SELF = YES;
				CLANG_WARN_OBJC_LITERAL_CONVERSION = YES;
				CLANG_WARN_OBJC_ROOT_CLASS = YES_ERROR;
				CLANG_WARN_QUOTED_INCLUDE_IN_FRAMEWORK_HEADER = YES;
				CLANG_WARN_RANGE_LOOP_ANALYSIS = YES;
				CLANG_WARN_STRICT_PROTOTYPES = YES;
				CLANG_WARN_SUSPICIOUS_MOVE = YES;
				CLANG_WARN_UNGUARDED_AVAILABILITY = YES_AGGRESSIVE;
				CLANG_WARN_UNREACHABLE_CODE = YES;
				CLANG_WARN__DUPLICATE_METHOD_MATCH = YES;
				COPY_PHASE_STRIP = NO;
				DEBUG_INFORMATION_FORMAT = "dwarf-with-dsym";
				ENABLE_NS_ASSERTIONS = NO;
				ENABLE_STRICT_OBJC_MSGSEND = YES;
				GCC_C_LANGUAGE_STANDARD = gnu11;
				GCC_NO_COMMON_BLOCKS = YES;
				GCC_WARN_64_TO_32_BIT_CONVERSION = YES;
				GCC_WARN_ABOUT_RETURN_TYPE = YES_ERROR;
				GCC_WARN_UNDECLARED_SELECTOR = YES;
				GCC_WARN_UNINITIALIZED_AUTOS = YES_AGGRESSIVE;
				GCC_WARN_UNUSED_FUNCTION = YES;
				GCC_WARN_UNUSED_VARIABLE = YES;
				IPHONEOS_DEPLOYMENT_TARGET = 16.4;
				MTL_ENABLE_DEBUG_INFO = NO;
				MTL_FAST_MATH = YES;
				SDKROOT = iphoneos;
				SWIFT_COMPILATION_MODE = wholemodule;
				SWIFT_OPTIMIZATION_LEVEL = "-O";
				VALIDATE_PRODUCT = YES;
			};
			name = Release;
		};
		46AEB1442A5EBE4C00809634 /* Debug */ = {
			isa = XCBuildConfiguration;
			buildSettings = {
				ASSETCATALOG_COMPILER_APPICON_NAME = AppIcon;
				ASSETCATALOG_COMPILER_GLOBAL_ACCENT_COLOR_NAME = AccentColor;
				CODE_SIGN_STYLE = Automatic;
				CURRENT_PROJECT_VERSION = 1;
				DEVELOPMENT_ASSET_PATHS = "\"SmartCrypto/Preview Content\"";
				DEVELOPMENT_TEAM = Z363RXULWR;
				ENABLE_PREVIEWS = YES;
				GENERATE_INFOPLIST_FILE = YES;
				INFOPLIST_KEY_UIApplicationSceneManifest_Generation = YES;
				INFOPLIST_KEY_UIApplicationSupportsIndirectInputEvents = YES;
				INFOPLIST_KEY_UILaunchScreen_Generation = YES;
				INFOPLIST_KEY_UISupportedInterfaceOrientations_iPad = "UIInterfaceOrientationPortrait UIInterfaceOrientationPortraitUpsideDown UIInterfaceOrientationLandscapeLeft UIInterfaceOrientationLandscapeRight";
				INFOPLIST_KEY_UISupportedInterfaceOrientations_iPhone = "UIInterfaceOrientationPortrait UIInterfaceOrientationLandscapeLeft UIInterfaceOrientationLandscapeRight";
				LD_RUNPATH_SEARCH_PATHS = (
					"$(inherited)",
					"@executable_path/Frameworks",
				);
				MARKETING_VERSION = 1.0;
				PRODUCT_BUNDLE_IDENTIFIER = abhishek.SmartCrypto;
				PRODUCT_NAME = "$(TARGET_NAME)";
				SWIFT_EMIT_LOC_STRINGS = YES;
				SWIFT_VERSION = 5.0;
				TARGETED_DEVICE_FAMILY = "1,2";
			};
			name = Debug;
		};
		46AEB1452A5EBE4C00809634 /* Release */ = {
			isa = XCBuildConfiguration;
			buildSettings = {
				ASSETCATALOG_COMPILER_APPICON_NAME = AppIcon;
				ASSETCATALOG_COMPILER_GLOBAL_ACCENT_COLOR_NAME = AccentColor;
				CODE_SIGN_STYLE = Automatic;
				CURRENT_PROJECT_VERSION = 1;
				DEVELOPMENT_ASSET_PATHS = "\"SmartCrypto/Preview Content\"";
				DEVELOPMENT_TEAM = Z363RXULWR;
				ENABLE_PREVIEWS = YES;
				GENERATE_INFOPLIST_FILE = YES;
				INFOPLIST_KEY_UIApplicationSceneManifest_Generation = YES;
				INFOPLIST_KEY_UIApplicationSupportsIndirectInputEvents = YES;
				INFOPLIST_KEY_UILaunchScreen_Generation = YES;
				INFOPLIST_KEY_UISupportedInterfaceOrientations_iPad = "UIInterfaceOrientationPortrait UIInterfaceOrientationPortraitUpsideDown UIInterfaceOrientationLandscapeLeft UIInterfaceOrientationLandscapeRight";
				INFOPLIST_KEY_UISupportedInterfaceOrientations_iPhone = "UIInterfaceOrientationPortrait UIInterfaceOrientationLandscapeLeft UIInterfaceOrientationLandscapeRight";
				LD_RUNPATH_SEARCH_PATHS = (
					"$(inherited)",
					"@executable_path/Frameworks",
				);
				MARKETING_VERSION = 1.0;
				PRODUCT_BUNDLE_IDENTIFIER = abhishek.SmartCrypto;
				PRODUCT_NAME = "$(TARGET_NAME)";
				SWIFT_EMIT_LOC_STRINGS = YES;
				SWIFT_VERSION = 5.0;
				TARGETED_DEVICE_FAMILY = "1,2";
			};
			name = Release;
		};
/* End XCBuildConfiguration section */

/* Begin XCConfigurationList section */
		46AEB1302A5EBE4B00809634 /* Build configuration list for PBXProject "SmartCrypto" */ = {
			isa = XCConfigurationList;
			buildConfigurations = (
				46AEB1412A5EBE4C00809634 /* Debug */,
				46AEB1422A5EBE4C00809634 /* Release */,
			);
			defaultConfigurationIsVisible = 0;
			defaultConfigurationName = Release;
		};
		46AEB1432A5EBE4C00809634 /* Build configuration list for PBXNativeTarget "SmartCrypto" */ = {
			isa = XCConfigurationList;
			buildConfigurations = (
				46AEB1442A5EBE4C00809634 /* Debug */,
				46AEB1452A5EBE4C00809634 /* Release */,
			);
			defaultConfigurationIsVisible = 0;
			defaultConfigurationName = Release;
		};
/* End XCConfigurationList section */
	};
	rootObject = 46AEB12D2A5EBE4B00809634 /* Project object */;
}
