// !$*UTF8*$!
{
	archiveVersion = 1;
	classes = {
	};
	objectVersion = 56;
	objects = {

/* Begin PBXBuildFile section */
		46886F1029F91F1B00274823 /* CaloriesCoreDataApp.swift in Sources */ = {isa = PBXBuildFile; fileRef = 46886F0F29F91F1B00274823 /* CaloriesCoreDataApp.swift */; };
		46886F1229F91F1B00274823 /* HomeView.swift in Sources */ = {isa = PBXBuildFile; fileRef = 46886F1129F91F1B00274823 /* HomeView.swift */; };
		46886F1429F91F1D00274823 /* Assets.xcassets in Resources */ = {isa = PBXBuildFile; fileRef = 46886F1329F91F1D00274823 /* Assets.xcassets */; };
		46886F1729F91F1D00274823 /* Preview Assets.xcassets in Resources */ = {isa = PBXBuildFile; fileRef = 46886F1629F91F1D00274823 /* Preview Assets.xcassets */; };
		46886F2029F91F5400274823 /* FoodModel.xcdatamodeld in Sources */ = {isa = PBXBuildFile; fileRef = 46886F1E29F91F5400274823 /* FoodModel.xcdatamodeld */; };
		46886F2229F91FD800274823 /* DataController.swift in Sources */ = {isa = PBXBuildFile; fileRef = 46886F2129F91FD800274823 /* DataController.swift */; };
		46886F2529F927E300274823 /* AddFoodView.swift in Sources */ = {isa = PBXBuildFile; fileRef = 46886F2429F927E300274823 /* AddFoodView.swift */; };
		46886F2729F9350B00274823 /* AddFoodSubView.swift in Sources */ = {isa = PBXBuildFile; fileRef = 46886F2629F9350B00274823 /* AddFoodSubView.swift */; };
		46886F2A29F9374600274823 /* TimeFormatter.swift in Sources */ = {isa = PBXBuildFile; fileRef = 46886F2929F9374600274823 /* TimeFormatter.swift */; };
		46886F2C29F94B4800274823 /* EditFoodView.swift in Sources */ = {isa = PBXBuildFile; fileRef = 46886F2B29F94B4800274823 /* EditFoodView.swift */; };
/* End PBXBuildFile section */

/* Begin PBXFileReference section */
		46886F0C29F91F1B00274823 /* CaloriesCoreData.app */ = {isa = PBXFileReference; explicitFileType = wrapper.application; includeInIndex = 0; path = CaloriesCoreData.app; sourceTree = BUILT_PRODUCTS_DIR; };
		46886F0F29F91F1B00274823 /* CaloriesCoreDataApp.swift */ = {isa = PBXFileReference; lastKnownFileType = sourcecode.swift; path = CaloriesCoreDataApp.swift; sourceTree = "<group>"; };
		46886F1129F91F1B00274823 /* HomeView.swift */ = {isa = PBXFileReference; lastKnownFileType = sourcecode.swift; path = HomeView.swift; sourceTree = "<group>"; };
		46886F1329F91F1D00274823 /* Assets.xcassets */ = {isa = PBXFileReference; lastKnownFileType = folder.assetcatalog; path = Assets.xcassets; sourceTree = "<group>"; };
		46886F1629F91F1D00274823 /* Preview Assets.xcassets */ = {isa = PBXFileReference; lastKnownFileType = folder.assetcatalog; path = "Preview Assets.xcassets"; sourceTree = "<group>"; };
		46886F1F29F91F5400274823 /* FoodModel.xcdatamodel */ = {isa = PBXFileReference; lastKnownFileType = wrapper.xcdatamodel; path = FoodModel.xcdatamodel; sourceTree = "<group>"; };
		46886F2129F91FD800274823 /* DataController.swift */ = {isa = PBXFileReference; lastKnownFileType = sourcecode.swift; path = DataController.swift; sourceTree = "<group>"; };
		46886F2429F927E300274823 /* AddFoodView.swift */ = {isa = PBXFileReference; lastKnownFileType = sourcecode.swift; path = AddFoodView.swift; sourceTree = "<group>"; };
		46886F2629F9350B00274823 /* AddFoodSubView.swift */ = {isa = PBXFileReference; lastKnownFileType = sourcecode.swift; path = AddFoodSubView.swift; sourceTree = "<group>"; };
		46886F2929F9374600274823 /* TimeFormatter.swift */ = {isa = PBXFileReference; lastKnownFileType = sourcecode.swift; path = TimeFormatter.swift; sourceTree = "<group>"; };
		46886F2B29F94B4800274823 /* EditFoodView.swift */ = {isa = PBXFileReference; lastKnownFileType = sourcecode.swift; path = EditFoodView.swift; sourceTree = "<group>"; };
/* End PBXFileReference section */

/* Begin PBXFrameworksBuildPhase section */
		46886F0929F91F1B00274823 /* Frameworks */ = {
			isa = PBXFrameworksBuildPhase;
			buildActionMask = 2147483647;
			files = (
			);
			runOnlyForDeploymentPostprocessing = 0;
		};
/* End PBXFrameworksBuildPhase section */

/* Begin PBXGroup section */
		46886F0329F91F1B00274823 = {
			isa = PBXGroup;
			children = (
				46886F0E29F91F1B00274823 /* CaloriesCoreData */,
				46886F0D29F91F1B00274823 /* Products */,
			);
			sourceTree = "<group>";
		};
		46886F0D29F91F1B00274823 /* Products */ = {
			isa = PBXGroup;
			children = (
				46886F0C29F91F1B00274823 /* CaloriesCoreData.app */,
			);
			name = Products;
			sourceTree = "<group>";
		};
		46886F0E29F91F1B00274823 /* CaloriesCoreData */ = {
			isa = PBXGroup;
			children = (
				46886F0F29F91F1B00274823 /* CaloriesCoreDataApp.swift */,
				46886F2829F9373400274823 /* Helpers */,
				46886F2329F927AB00274823 /* Views */,
				46886F1D29F91F2F00274823 /* DataModel */,
				46886F1329F91F1D00274823 /* Assets.xcassets */,
				46886F1529F91F1D00274823 /* Preview Content */,
			);
			path = CaloriesCoreData;
			sourceTree = "<group>";
		};
		46886F1529F91F1D00274823 /* Preview Content */ = {
			isa = PBXGroup;
			children = (
				46886F1629F91F1D00274823 /* Preview Assets.xcassets */,
			);
			path = "Preview Content";
			sourceTree = "<group>";
		};
		46886F1D29F91F2F00274823 /* DataModel */ = {
			isa = PBXGroup;
			children = (
				46886F1E29F91F5400274823 /* FoodModel.xcdatamodeld */,
				46886F2129F91FD800274823 /* DataController.swift */,
			);
			name = DataModel;
			sourceTree = "<group>";
		};
		46886F2329F927AB00274823 /* Views */ = {
			isa = PBXGroup;
			children = (
				46886F1129F91F1B00274823 /* HomeView.swift */,
				46886F2429F927E300274823 /* AddFoodView.swift */,
				46886F2629F9350B00274823 /* AddFoodSubView.swift */,
				46886F2B29F94B4800274823 /* EditFoodView.swift */,
			);
			path = Views;
			sourceTree = "<group>";
		};
		46886F2829F9373400274823 /* Helpers */ = {
			isa = PBXGroup;
			children = (
				46886F2929F9374600274823 /* TimeFormatter.swift */,
			);
			path = Helpers;
			sourceTree = "<group>";
		};
/* End PBXGroup section */

/* Begin PBXNativeTarget section */
		46886F0B29F91F1B00274823 /* CaloriesCoreData */ = {
			isa = PBXNativeTarget;
			buildConfigurationList = 46886F1A29F91F1D00274823 /* Build configuration list for PBXNativeTarget "CaloriesCoreData" */;
			buildPhases = (
				46886F0829F91F1B00274823 /* Sources */,
				46886F0929F91F1B00274823 /* Frameworks */,
				46886F0A29F91F1B00274823 /* Resources */,
			);
			buildRules = (
			);
			dependencies = (
			);
			name = CaloriesCoreData;
			productName = CaloriesCoreData;
			productReference = 46886F0C29F91F1B00274823 /* CaloriesCoreData.app */;
			productType = "com.apple.product-type.application";
		};
/* End PBXNativeTarget section */

/* Begin PBXProject section */
		46886F0429F91F1B00274823 /* Project object */ = {
			isa = PBXProject;
			attributes = {
				BuildIndependentTargetsInParallel = 1;
				LastSwiftUpdateCheck = 1410;
				LastUpgradeCheck = 1410;
				TargetAttributes = {
					46886F0B29F91F1B00274823 = {
						CreatedOnToolsVersion = 14.1;
					};
				};
			};
			buildConfigurationList = 46886F0729F91F1B00274823 /* Build configuration list for PBXProject "CaloriesCoreData" */;
			compatibilityVersion = "Xcode 14.0";
			developmentRegion = en;
			hasScannedForEncodings = 0;
			knownRegions = (
				en,
				Base,
			);
			mainGroup = 46886F0329F91F1B00274823;
			productRefGroup = 46886F0D29F91F1B00274823 /* Products */;
			projectDirPath = "";
			projectRoot = "";
			targets = (
				46886F0B29F91F1B00274823 /* CaloriesCoreData */,
			);
		};
/* End PBXProject section */

/* Begin PBXResourcesBuildPhase section */
		46886F0A29F91F1B00274823 /* Resources */ = {
			isa = PBXResourcesBuildPhase;
			buildActionMask = 2147483647;
			files = (
				46886F1729F91F1D00274823 /* Preview Assets.xcassets in Resources */,
				46886F1429F91F1D00274823 /* Assets.xcassets in Resources */,
			);
			runOnlyForDeploymentPostprocessing = 0;
		};
/* End PBXResourcesBuildPhase section */

/* Begin PBXSourcesBuildPhase section */
		46886F0829F91F1B00274823 /* Sources */ = {
			isa = PBXSourcesBuildPhase;
			buildActionMask = 2147483647;
			files = (
				46886F2529F927E300274823 /* AddFoodView.swift in Sources */,
				46886F2729F9350B00274823 /* AddFoodSubView.swift in Sources */,
				46886F2A29F9374600274823 /* TimeFormatter.swift in Sources */,
				46886F1229F91F1B00274823 /* HomeView.swift in Sources */,
				46886F2229F91FD800274823 /* DataController.swift in Sources */,
				46886F1029F91F1B00274823 /* CaloriesCoreDataApp.swift in Sources */,
				46886F2C29F94B4800274823 /* EditFoodView.swift in Sources */,
				46886F2029F91F5400274823 /* FoodModel.xcdatamodeld in Sources */,
			);
			runOnlyForDeploymentPostprocessing = 0;
		};
/* End PBXSourcesBuildPhase section */

/* Begin XCBuildConfiguration section */
		46886F1829F91F1D00274823 /* Debug */ = {
			isa = XCBuildConfiguration;
			buildSettings = {
				ALWAYS_SEARCH_USER_PATHS = NO;
				CLANG_ANALYZER_NONNULL = YES;
				CLANG_ANALYZER_NUMBER_OBJECT_CONVERSION = YES_AGGRESSIVE;
				CLANG_CXX_LANGUAGE_STANDARD = "gnu++20";
				CLANG_ENABLE_MODULES = YES;
				CLANG_ENABLE_OBJC_ARC = YES;
				CLANG_ENABLE_OBJC_WEAK = YES;
				CLANG_WARN_BLOCK_CAPTURE_AUTORELEASING = YES;
				CLANG_WARN_BOOL_CONVERSION = YES;
				CLANG_WARN_COMMA = YES;
				CLANG_WARN_CONSTANT_CONVERSION = YES;
				CLANG_WARN_DEPRECATED_OBJC_IMPLEMENTATIONS = YES;
				CLANG_WARN_DIRECT_OBJC_ISA_USAGE = YES_ERROR;
				CLANG_WARN_DOCUMENTATION_COMMENTS = YES;
				CLANG_WARN_EMPTY_BODY = YES;
				CLANG_WARN_ENUM_CONVERSION = YES;
				CLANG_WARN_INFINITE_RECURSION = YES;
				CLANG_WARN_INT_CONVERSION = YES;
				CLANG_WARN_NON_LITERAL_NULL_CONVERSION = YES;
				CLANG_WARN_OBJC_IMPLICIT_RETAIN_SELF = YES;
				CLANG_WARN_OBJC_LITERAL_CONVERSION = YES;
				CLANG_WARN_OBJC_ROOT_CLASS = YES_ERROR;
				CLANG_WARN_QUOTED_INCLUDE_IN_FRAMEWORK_HEADER = YES;
				CLANG_WARN_RANGE_LOOP_ANALYSIS = YES;
				CLANG_WARN_STRICT_PROTOTYPES = YES;
				CLANG_WARN_SUSPICIOUS_MOVE = YES;
				CLANG_WARN_UNGUARDED_AVAILABILITY = YES_AGGRESSIVE;
				CLANG_WARN_UNREACHABLE_CODE = YES;
				CLANG_WARN__DUPLICATE_METHOD_MATCH = YES;
				COPY_PHASE_STRIP = NO;
				DEBUG_INFORMATION_FORMAT = dwarf;
				ENABLE_STRICT_OBJC_MSGSEND = YES;
				ENABLE_TESTABILITY = YES;
				GCC_C_LANGUAGE_STANDARD = gnu11;
				GCC_DYNAMIC_NO_PIC = NO;
				GCC_NO_COMMON_BLOCKS = YES;
				GCC_OPTIMIZATION_LEVEL = 0;
				GCC_PREPROCESSOR_DEFINITIONS = (
					"DEBUG=1",
					"$(inherited)",
				);
				GCC_WARN_64_TO_32_BIT_CONVERSION = YES;
				GCC_WARN_ABOUT_RETURN_TYPE = YES_ERROR;
				GCC_WARN_UNDECLARED_SELECTOR = YES;
				GCC_WARN_UNINITIALIZED_AUTOS = YES_AGGRESSIVE;
				GCC_WARN_UNUSED_FUNCTION = YES;
				GCC_WARN_UNUSED_VARIABLE = YES;
				IPHONEOS_DEPLOYMENT_TARGET = 16.1;
				MTL_ENABLE_DEBUG_INFO = INCLUDE_SOURCE;
				MTL_FAST_MATH = YES;
				ONLY_ACTIVE_ARCH = YES;
				SDKROOT = iphoneos;
				SWIFT_ACTIVE_COMPILATION_CONDITIONS = DEBUG;
				SWIFT_OPTIMIZATION_LEVEL = "-Onone";
			};
			name = Debug;
		};
		46886F1929F91F1D00274823 /* Release */ = {
			isa = XCBuildConfiguration;
			buildSettings = {
				ALWAYS_SEARCH_USER_PATHS = NO;
				CLANG_ANALYZER_NONNULL = YES;
				CLANG_ANALYZER_NUMBER_OBJECT_CONVERSION = YES_AGGRESSIVE;
				CLANG_CXX_LANGUAGE_STANDARD = "gnu++20";
				CLANG_ENABLE_MODULES = YES;
				CLANG_ENABLE_OBJC_ARC = YES;
				CLANG_ENABLE_OBJC_WEAK = YES;
				CLANG_WARN_BLOCK_CAPTURE_AUTORELEASING = YES;
				CLANG_WARN_BOOL_CONVERSION = YES;
				CLANG_WARN_COMMA = YES;
				CLANG_WARN_CONSTANT_CONVERSION = YES;
				CLANG_WARN_DEPRECATED_OBJC_IMPLEMENTATIONS = YES;
				CLANG_WARN_DIRECT_OBJC_ISA_USAGE = YES_ERROR;
				CLANG_WARN_DOCUMENTATION_COMMENTS = YES;
				CLANG_WARN_EMPTY_BODY = YES;
				CLANG_WARN_ENUM_CONVERSION = YES;
				CLANG_WARN_INFINITE_RECURSION = YES;
				CLANG_WARN_INT_CONVERSION = YES;
				CLANG_WARN_NON_LITERAL_NULL_CONVERSION = YES;
				CLANG_WARN_OBJC_IMPLICIT_RETAIN_SELF = YES;
				CLANG_WARN_OBJC_LITERAL_CONVERSION = YES;
				CLANG_WARN_OBJC_ROOT_CLASS = YES_ERROR;
				CLANG_WARN_QUOTED_INCLUDE_IN_FRAMEWORK_HEADER = YES;
				CLANG_WARN_RANGE_LOOP_ANALYSIS = YES;
				CLANG_WARN_STRICT_PROTOTYPES = YES;
				CLANG_WARN_SUSPICIOUS_MOVE = YES;
				CLANG_WARN_UNGUARDED_AVAILABILITY = YES_AGGRESSIVE;
				CLANG_WARN_UNREACHABLE_CODE = YES;
				CLANG_WARN__DUPLICATE_METHOD_MATCH = YES;
				COPY_PHASE_STRIP = NO;
				DEBUG_INFORMATION_FORMAT = "dwarf-with-dsym";
				ENABLE_NS_ASSERTIONS = NO;
				ENABLE_STRICT_OBJC_MSGSEND = YES;
				GCC_C_LANGUAGE_STANDARD = gnu11;
				GCC_NO_COMMON_BLOCKS = YES;
				GCC_WARN_64_TO_32_BIT_CONVERSION = YES;
				GCC_WARN_ABOUT_RETURN_TYPE = YES_ERROR;
				GCC_WARN_UNDECLARED_SELECTOR = YES;
				GCC_WARN_UNINITIALIZED_AUTOS = YES_AGGRESSIVE;
				GCC_WARN_UNUSED_FUNCTION = YES;
				GCC_WARN_UNUSED_VARIABLE = YES;
				IPHONEOS_DEPLOYMENT_TARGET = 16.1;
				MTL_ENABLE_DEBUG_INFO = NO;
				MTL_FAST_MATH = YES;
				SDKROOT = iphoneos;
				SWIFT_COMPILATION_MODE = wholemodule;
				SWIFT_OPTIMIZATION_LEVEL = "-O";
				VALIDATE_PRODUCT = YES;
			};
			name = Release;
		};
		46886F1B29F91F1D00274823 /* Debug */ = {
			isa = XCBuildConfiguration;
			buildSettings = {
				ASSETCATALOG_COMPILER_APPICON_NAME = AppIcon;
				ASSETCATALOG_COMPILER_GLOBAL_ACCENT_COLOR_NAME = AccentColor;
				CODE_SIGN_STYLE = Automatic;
				CURRENT_PROJECT_VERSION = 1;
				DEVELOPMENT_ASSET_PATHS = "\"CaloriesCoreData/Preview Content\"";
				DEVELOPMENT_TEAM = Z363RXULWR;
				ENABLE_PREVIEWS = YES;
				GENERATE_INFOPLIST_FILE = YES;
				INFOPLIST_KEY_UIApplicationSceneManifest_Generation = YES;
				INFOPLIST_KEY_UIApplicationSupportsIndirectInputEvents = YES;
				INFOPLIST_KEY_UILaunchScreen_Generation = YES;
				INFOPLIST_KEY_UISupportedInterfaceOrientations_iPad = "UIInterfaceOrientationPortrait UIInterfaceOrientationPortraitUpsideDown UIInterfaceOrientationLandscapeLeft UIInterfaceOrientationLandscapeRight";
				INFOPLIST_KEY_UISupportedInterfaceOrientations_iPhone = "UIInterfaceOrientationPortrait UIInterfaceOrientationLandscapeLeft UIInterfaceOrientationLandscapeRight";
				LD_RUNPATH_SEARCH_PATHS = (
					"$(inherited)",
					"@executable_path/Frameworks",
				);
				MARKETING_VERSION = 1.0;
				PRODUCT_BUNDLE_IDENTIFIER = abhishek.CaloriesCoreData;
				PRODUCT_NAME = "$(TARGET_NAME)";
				SWIFT_EMIT_LOC_STRINGS = YES;
				SWIFT_VERSION = 5.0;
				TARGETED_DEVICE_FAMILY = "1,2";
			};
			name = Debug;
		};
		46886F1C29F91F1D00274823 /* Release */ = {
			isa = XCBuildConfiguration;
			buildSettings = {
				ASSETCATALOG_COMPILER_APPICON_NAME = AppIcon;
				ASSETCATALOG_COMPILER_GLOBAL_ACCENT_COLOR_NAME = AccentColor;
				CODE_SIGN_STYLE = Automatic;
				CURRENT_PROJECT_VERSION = 1;
				DEVELOPMENT_ASSET_PATHS = "\"CaloriesCoreData/Preview Content\"";
				DEVELOPMENT_TEAM = Z363RXULWR;
				ENABLE_PREVIEWS = YES;
				GENERATE_INFOPLIST_FILE = YES;
				INFOPLIST_KEY_UIApplicationSceneManifest_Generation = YES;
				INFOPLIST_KEY_UIApplicationSupportsIndirectInputEvents = YES;
				INFOPLIST_KEY_UILaunchScreen_Generation = YES;
				INFOPLIST_KEY_UISupportedInterfaceOrientations_iPad = "UIInterfaceOrientationPortrait UIInterfaceOrientationPortraitUpsideDown UIInterfaceOrientationLandscapeLeft UIInterfaceOrientationLandscapeRight";
				INFOPLIST_KEY_UISupportedInterfaceOrientations_iPhone = "UIInterfaceOrientationPortrait UIInterfaceOrientationLandscapeLeft UIInterfaceOrientationLandscapeRight";
				LD_RUNPATH_SEARCH_PATHS = (
					"$(inherited)",
					"@executable_path/Frameworks",
				);
				MARKETING_VERSION = 1.0;
				PRODUCT_BUNDLE_IDENTIFIER = abhishek.CaloriesCoreData;
				PRODUCT_NAME = "$(TARGET_NAME)";
				SWIFT_EMIT_LOC_STRINGS = YES;
				SWIFT_VERSION = 5.0;
				TARGETED_DEVICE_FAMILY = "1,2";
			};
			name = Release;
		};
/* End XCBuildConfiguration section */

/* Begin XCConfigurationList section */
		46886F0729F91F1B00274823 /* Build configuration list for PBXProject "CaloriesCoreData" */ = {
			isa = XCConfigurationList;
			buildConfigurations = (
				46886F1829F91F1D00274823 /* Debug */,
				46886F1929F91F1D00274823 /* Release */,
			);
			defaultConfigurationIsVisible = 0;
			defaultConfigurationName = Release;
		};
		46886F1A29F91F1D00274823 /* Build configuration list for PBXNativeTarget "CaloriesCoreData" */ = {
			isa = XCConfigurationList;
			buildConfigurations = (
				46886F1B29F91F1D00274823 /* Debug */,
				46886F1C29F91F1D00274823 /* Release */,
			);
			defaultConfigurationIsVisible = 0;
			defaultConfigurationName = Release;
		};
/* End XCConfigurationList section */

/* Begin XCVersionGroup section */
		46886F1E29F91F5400274823 /* FoodModel.xcdatamodeld */ = {
			isa = XCVersionGroup;
			children = (
				46886F1F29F91F5400274823 /* FoodModel.xcdatamodel */,
			);
			currentVersion = 46886F1F29F91F5400274823 /* FoodModel.xcdatamodel */;
			path = FoodModel.xcdatamodeld;
			sourceTree = "<group>";
			versionGroupType = wrapper.xcdatamodel;
		};
/* End XCVersionGroup section */
	};
	rootObject = 46886F0429F91F1B00274823 /* Project object */;
}
