// !$*UTF8*$!
{
	archiveVersion = 1;
	classes = {
	};
	objectVersion = 56;
	objects = {

/* Begin PBXBuildFile section */
		4677786429DC96490089C807 /* SongDurationSlider.swift in Sources */ = {isa = PBXBuildFile; fileRef = 4677786329DC96490089C807 /* SongDurationSlider.swift */; };
		4677786729DC9FB40089C807 /* AppColor.swift in Sources */ = {isa = PBXBuildFile; fileRef = 4677786629DC9FB40089C807 /* AppColor.swift */; };
		4677786929DCA0B80089C807 /* AudioScreenButtons.swift in Sources */ = {isa = PBXBuildFile; fileRef = 4677786829DCA0B80089C807 /* AudioScreenButtons.swift */; };
		4677786B29DCA42B0089C807 /* AudioImageView.swift in Sources */ = {isa = PBXBuildFile; fileRef = 4677786A29DCA42B0089C807 /* AudioImageView.swift */; };
		469676B529DC0FA5007724EF /* AudioPlayerView.swift in Sources */ = {isa = PBXBuildFile; fileRef = 469676B429DC0FA5007724EF /* AudioPlayerView.swift */; };
		469676BB29DC442A007724EF /* TabBarManager.swift in Sources */ = {isa = PBXBuildFile; fileRef = 469676BA29DC442A007724EF /* TabBarManager.swift */; };
		469676DF29DC6435007724EF /* TabItems.swift in Sources */ = {isa = PBXBuildFile; fileRef = 469676DE29DC6435007724EF /* TabItems.swift */; };
		469676E329DC649F007724EF /* CustomTabItem.swift in Sources */ = {isa = PBXBuildFile; fileRef = 469676E229DC649F007724EF /* CustomTabItem.swift */; };
		469A527229E499BD006369E5 /* ArtistModel.swift in Sources */ = {isa = PBXBuildFile; fileRef = 469A527129E499BD006369E5 /* ArtistModel.swift */; };
		469E5C3529ECEACB00CE3302 /* SearchModel.swift in Sources */ = {isa = PBXBuildFile; fileRef = 469E5C3429ECEACB00CE3302 /* SearchModel.swift */; };
		46A6CF6029E6B55A003CF724 /* SongNameTextModifier.swift in Sources */ = {isa = PBXBuildFile; fileRef = 46A6CF5F29E6B55A003CF724 /* SongNameTextModifier.swift */; };
		46AB0B7729DD60A100C347E7 /* FloatingScreenView.swift in Sources */ = {isa = PBXBuildFile; fileRef = 46AB0B7629DD60A100C347E7 /* FloatingScreenView.swift */; };
		46AB0B7C29DDB1CA00C347E7 /* AppColors.xcassets in Resources */ = {isa = PBXBuildFile; fileRef = 46AB0B7B29DDB1CA00C347E7 /* AppColors.xcassets */; };
		46AE280029E424C600F535AD /* SearchBar.swift in Sources */ = {isa = PBXBuildFile; fileRef = 46AE27FF29E424C600F535AD /* SearchBar.swift */; };
		46B6F03629ED46B80015391C /* PlaylistViewModel.swift in Sources */ = {isa = PBXBuildFile; fileRef = 46B6F03529ED46B80015391C /* PlaylistViewModel.swift */; };
		46B6F03929ED65F80015391C /* LogoView.swift in Sources */ = {isa = PBXBuildFile; fileRef = 46B6F03829ED65F80015391C /* LogoView.swift */; };
		46B6F03F29ED67860015391C /* TextModifierForLargeTitle.swift in Sources */ = {isa = PBXBuildFile; fileRef = 46B6F03E29ED67860015391C /* TextModifierForLargeTitle.swift */; };
		46B6F04129ED68660015391C /* AsyncImageModifierArtist.swift in Sources */ = {isa = PBXBuildFile; fileRef = 46B6F04029ED68660015391C /* AsyncImageModifierArtist.swift */; };
		46B6F04329ED6B8C0015391C /* TextModifierForSmallCaptions.swift in Sources */ = {isa = PBXBuildFile; fileRef = 46B6F04229ED6B8C0015391C /* TextModifierForSmallCaptions.swift */; };
		46B6F04529ED6C340015391C /* DefaultPlaceholderImage.swift in Sources */ = {isa = PBXBuildFile; fileRef = 46B6F04429ED6C340015391C /* DefaultPlaceholderImage.swift */; };
		46B6F04729ED6CEA0015391C /* AsyncImageModifierForPlaylist.swift in Sources */ = {isa = PBXBuildFile; fileRef = 46B6F04629ED6CEA0015391C /* AsyncImageModifierForPlaylist.swift */; };
		46B9114E29E81E1D00B01A4B /* ArtistApi.swift in Sources */ = {isa = PBXBuildFile; fileRef = 46B9114D29E81E1D00B01A4B /* ArtistApi.swift */; };
		46BCC28529E5285200ACF2C0 /* playlistModel.swift in Sources */ = {isa = PBXBuildFile; fileRef = 46BCC28429E5285200ACF2C0 /* playlistModel.swift */; };
		46BCC28B29E52B4000ACF2C0 /* playlistNetworking.swift in Sources */ = {isa = PBXBuildFile; fileRef = 46BCC28A29E52B4000ACF2C0 /* playlistNetworking.swift */; };
		46BE562929E08DF5006526BC /* PageView.swift in Sources */ = {isa = PBXBuildFile; fileRef = 46BE562829E08DF5006526BC /* PageView.swift */; };
		46BE562B29E0921F006526BC /* OnboardingView.swift in Sources */ = {isa = PBXBuildFile; fileRef = 46BE562A29E0921F006526BC /* OnboardingView.swift */; };
		46C2E97229DE8E4A005DD3D5 /* MiniPlayerView.swift in Sources */ = {isa = PBXBuildFile; fileRef = 46C2E97129DE8E4A005DD3D5 /* MiniPlayerView.swift */; };
		46C689DC29EC505F00B722B8 /* SearchApi.swift in Sources */ = {isa = PBXBuildFile; fileRef = 46C689DB29EC505F00B722B8 /* SearchApi.swift */; };
		46D22C0629E06E9E00ACDE82 /* PageModel.swift in Sources */ = {isa = PBXBuildFile; fileRef = 46D22C0529E06E9E00ACDE82 /* PageModel.swift */; };
		46F44FC929DAD35800936230 /* MusicApp.swift in Sources */ = {isa = PBXBuildFile; fileRef = 46F44FC829DAD35800936230 /* MusicApp.swift */; };
		46F44FCD29DAD35900936230 /* Assets.xcassets in Resources */ = {isa = PBXBuildFile; fileRef = 46F44FCC29DAD35900936230 /* Assets.xcassets */; };
		46F44FD029DAD35900936230 /* Preview Assets.xcassets in Resources */ = {isa = PBXBuildFile; fileRef = 46F44FCF29DAD35900936230 /* Preview Assets.xcassets */; };
		46F44FD729DAD37500936230 /* HomeView.swift in Sources */ = {isa = PBXBuildFile; fileRef = 46F44FD629DAD37500936230 /* HomeView.swift */; };
		46F44FDB29DAE8B200936230 /* TabBar.swift in Sources */ = {isa = PBXBuildFile; fileRef = 46F44FDA29DAE8B200936230 /* TabBar.swift */; };
		46F64E9329DB04F200B44B3D /* FavouriteView.swift in Sources */ = {isa = PBXBuildFile; fileRef = 46F64E9229DB04F200B44B3D /* FavouriteView.swift */; };
		46F64E9529DB050100B44B3D /* SearchView.swift in Sources */ = {isa = PBXBuildFile; fileRef = 46F64E9429DB050100B44B3D /* SearchView.swift */; };
		5D127D3629E54D41007DA0D0 /* OnboardingViewModel.swift in Sources */ = {isa = PBXBuildFile; fileRef = 5D127D3529E54D41007DA0D0 /* OnboardingViewModel.swift */; };
		5D17937029E680640014FCAC /* UIConstants.swift in Sources */ = {isa = PBXBuildFile; fileRef = 5D17936F29E680640014FCAC /* UIConstants.swift */; };
		5D17937729E683B30014FCAC /* AudioPlayerVisiblityState.swift in Sources */ = {isa = PBXBuildFile; fileRef = 5D17937629E683B30014FCAC /* AudioPlayerVisiblityState.swift */; };
/* End PBXBuildFile section */

/* Begin PBXFileReference section */
		4677786329DC96490089C807 /* SongDurationSlider.swift */ = {isa = PBXFileReference; lastKnownFileType = sourcecode.swift; path = SongDurationSlider.swift; sourceTree = "<group>"; };
		4677786629DC9FB40089C807 /* AppColor.swift */ = {isa = PBXFileReference; lastKnownFileType = sourcecode.swift; path = AppColor.swift; sourceTree = "<group>"; };
		4677786829DCA0B80089C807 /* AudioScreenButtons.swift */ = {isa = PBXFileReference; lastKnownFileType = sourcecode.swift; path = AudioScreenButtons.swift; sourceTree = "<group>"; };
		4677786A29DCA42B0089C807 /* AudioImageView.swift */ = {isa = PBXFileReference; lastKnownFileType = sourcecode.swift; path = AudioImageView.swift; sourceTree = "<group>"; };
		469676B429DC0FA5007724EF /* AudioPlayerView.swift */ = {isa = PBXFileReference; lastKnownFileType = sourcecode.swift; path = AudioPlayerView.swift; sourceTree = "<group>"; };
		469676BA29DC442A007724EF /* TabBarManager.swift */ = {isa = PBXFileReference; lastKnownFileType = sourcecode.swift; path = TabBarManager.swift; sourceTree = "<group>"; };
		469676DE29DC6435007724EF /* TabItems.swift */ = {isa = PBXFileReference; lastKnownFileType = sourcecode.swift; path = TabItems.swift; sourceTree = "<group>"; };
		469676E229DC649F007724EF /* CustomTabItem.swift */ = {isa = PBXFileReference; lastKnownFileType = sourcecode.swift; path = CustomTabItem.swift; sourceTree = "<group>"; };
		469A527129E499BD006369E5 /* ArtistModel.swift */ = {isa = PBXFileReference; lastKnownFileType = sourcecode.swift; path = ArtistModel.swift; sourceTree = "<group>"; };
		469E5C3429ECEACB00CE3302 /* SearchModel.swift */ = {isa = PBXFileReference; lastKnownFileType = sourcecode.swift; path = SearchModel.swift; sourceTree = "<group>"; };
		46A6CF5F29E6B55A003CF724 /* SongNameTextModifier.swift */ = {isa = PBXFileReference; lastKnownFileType = sourcecode.swift; path = SongNameTextModifier.swift; sourceTree = "<group>"; };
		46AB0B7629DD60A100C347E7 /* FloatingScreenView.swift */ = {isa = PBXFileReference; lastKnownFileType = sourcecode.swift; path = FloatingScreenView.swift; sourceTree = "<group>"; };
		46AB0B7B29DDB1CA00C347E7 /* AppColors.xcassets */ = {isa = PBXFileReference; lastKnownFileType = folder.assetcatalog; path = AppColors.xcassets; sourceTree = "<group>"; };
		46AE27FF29E424C600F535AD /* SearchBar.swift */ = {isa = PBXFileReference; lastKnownFileType = sourcecode.swift; path = SearchBar.swift; sourceTree = "<group>"; };
		46B6F03529ED46B80015391C /* PlaylistViewModel.swift */ = {isa = PBXFileReference; lastKnownFileType = sourcecode.swift; path = PlaylistViewModel.swift; sourceTree = "<group>"; };
		46B6F03829ED65F80015391C /* LogoView.swift */ = {isa = PBXFileReference; lastKnownFileType = sourcecode.swift; path = LogoView.swift; sourceTree = "<group>"; };
		46B6F03E29ED67860015391C /* TextModifierForLargeTitle.swift */ = {isa = PBXFileReference; lastKnownFileType = sourcecode.swift; path = TextModifierForLargeTitle.swift; sourceTree = "<group>"; };
		46B6F04029ED68660015391C /* AsyncImageModifierArtist.swift */ = {isa = PBXFileReference; lastKnownFileType = sourcecode.swift; path = AsyncImageModifierArtist.swift; sourceTree = "<group>"; };
		46B6F04229ED6B8C0015391C /* TextModifierForSmallCaptions.swift */ = {isa = PBXFileReference; lastKnownFileType = sourcecode.swift; path = TextModifierForSmallCaptions.swift; sourceTree = "<group>"; };
		46B6F04429ED6C340015391C /* DefaultPlaceholderImage.swift */ = {isa = PBXFileReference; lastKnownFileType = sourcecode.swift; path = DefaultPlaceholderImage.swift; sourceTree = "<group>"; };
		46B6F04629ED6CEA0015391C /* AsyncImageModifierForPlaylist.swift */ = {isa = PBXFileReference; lastKnownFileType = sourcecode.swift; path = AsyncImageModifierForPlaylist.swift; sourceTree = "<group>"; };
		46B9114D29E81E1D00B01A4B /* ArtistApi.swift */ = {isa = PBXFileReference; lastKnownFileType = sourcecode.swift; path = ArtistApi.swift; sourceTree = "<group>"; };
		46BCC28429E5285200ACF2C0 /* playlistModel.swift */ = {isa = PBXFileReference; lastKnownFileType = sourcecode.swift; path = playlistModel.swift; sourceTree = "<group>"; };
		46BCC28A29E52B4000ACF2C0 /* playlistNetworking.swift */ = {isa = PBXFileReference; lastKnownFileType = sourcecode.swift; path = playlistNetworking.swift; sourceTree = "<group>"; };
		46BE562829E08DF5006526BC /* PageView.swift */ = {isa = PBXFileReference; lastKnownFileType = sourcecode.swift; path = PageView.swift; sourceTree = "<group>"; };
		46BE562A29E0921F006526BC /* OnboardingView.swift */ = {isa = PBXFileReference; lastKnownFileType = sourcecode.swift; path = OnboardingView.swift; sourceTree = "<group>"; };
		46C2E97129DE8E4A005DD3D5 /* MiniPlayerView.swift */ = {isa = PBXFileReference; lastKnownFileType = sourcecode.swift; path = MiniPlayerView.swift; sourceTree = "<group>"; };
		46C689DB29EC505F00B722B8 /* SearchApi.swift */ = {isa = PBXFileReference; lastKnownFileType = sourcecode.swift; path = SearchApi.swift; sourceTree = "<group>"; };
		46D22C0529E06E9E00ACDE82 /* PageModel.swift */ = {isa = PBXFileReference; lastKnownFileType = sourcecode.swift; path = PageModel.swift; sourceTree = "<group>"; };
		46F44FC529DAD35800936230 /* MusicApp.app */ = {isa = PBXFileReference; explicitFileType = wrapper.application; includeInIndex = 0; path = MusicApp.app; sourceTree = BUILT_PRODUCTS_DIR; };
		46F44FC829DAD35800936230 /* MusicApp.swift */ = {isa = PBXFileReference; lastKnownFileType = sourcecode.swift; path = MusicApp.swift; sourceTree = "<group>"; };
		46F44FCC29DAD35900936230 /* Assets.xcassets */ = {isa = PBXFileReference; lastKnownFileType = folder.assetcatalog; path = Assets.xcassets; sourceTree = "<group>"; };
		46F44FCF29DAD35900936230 /* Preview Assets.xcassets */ = {isa = PBXFileReference; lastKnownFileType = folder.assetcatalog; path = "Preview Assets.xcassets"; sourceTree = "<group>"; };
		46F44FD629DAD37500936230 /* HomeView.swift */ = {isa = PBXFileReference; lastKnownFileType = sourcecode.swift; path = HomeView.swift; sourceTree = "<group>"; };
		46F44FDA29DAE8B200936230 /* TabBar.swift */ = {isa = PBXFileReference; lastKnownFileType = sourcecode.swift; path = TabBar.swift; sourceTree = "<group>"; };
		46F64E9229DB04F200B44B3D /* FavouriteView.swift */ = {isa = PBXFileReference; lastKnownFileType = sourcecode.swift; path = FavouriteView.swift; sourceTree = "<group>"; };
		46F64E9429DB050100B44B3D /* SearchView.swift */ = {isa = PBXFileReference; lastKnownFileType = sourcecode.swift; path = SearchView.swift; sourceTree = "<group>"; };
		5D127D3529E54D41007DA0D0 /* OnboardingViewModel.swift */ = {isa = PBXFileReference; lastKnownFileType = sourcecode.swift; path = OnboardingViewModel.swift; sourceTree = "<group>"; };
		5D17936F29E680640014FCAC /* UIConstants.swift */ = {isa = PBXFileReference; lastKnownFileType = sourcecode.swift; path = UIConstants.swift; sourceTree = "<group>"; };
		5D17937629E683B30014FCAC /* AudioPlayerVisiblityState.swift */ = {isa = PBXFileReference; lastKnownFileType = sourcecode.swift; path = AudioPlayerVisiblityState.swift; sourceTree = "<group>"; };
/* End PBXFileReference section */

/* Begin PBXFrameworksBuildPhase section */
		46F44FC229DAD35800936230 /* Frameworks */ = {
			isa = PBXFrameworksBuildPhase;
			buildActionMask = 2147483647;
			files = (
			);
			runOnlyForDeploymentPostprocessing = 0;
		};
/* End PBXFrameworksBuildPhase section */

/* Begin PBXGroup section */
		4677786229DC96090089C807 /* Home */ = {
			isa = PBXGroup;
			children = (
				46B6F03729ED65D30015391C /* ComponentViews */,
				46A28DC229E73A7F0043FC04 /* MainView */,
				46A28DBE29E73A1C0043FC04 /* Model */,
				46A28DC329E73ACF0043FC04 /* ViewModel */,
			);
			path = Home;
			sourceTree = "<group>";
		};
		469676AC29DC0417007724EF /* Modules */ = {
			isa = PBXGroup;
			children = (
				469676AD29DC0464007724EF /* Views */,
			);
			path = Modules;
			sourceTree = "<group>";
		};
		469676AD29DC0464007724EF /* Views */ = {
			isa = PBXGroup;
			children = (
				46D22C0429E06E6A00ACDE82 /* IntroScreens */,
				4677786229DC96090089C807 /* Home */,
				46AB0B7529DD4F9500C347E7 /* Search */,
				46AB0B7329DD4F7800C347E7 /* Favorites */,
			);
			path = Views;
			sourceTree = "<group>";
		};
		469676AE29DC04B4007724EF /* TabBar */ = {
			isa = PBXGroup;
			children = (
				469676DD29DC63FA007724EF /* Model */,
				469676DC29DC63F7007724EF /* View */,
				469676DB29DC63F2007724EF /* ViewModel */,
			);
			path = TabBar;
			sourceTree = "<group>";
		};
		469676AF29DC04DC007724EF /* Resources */ = {
			isa = PBXGroup;
			children = (
				46AB0B7A29DDB1BA00C347E7 /* AppColors */,
				46F44FC829DAD35800936230 /* MusicApp.swift */,
				46F44FCC29DAD35900936230 /* Assets.xcassets */,
			);
			path = Resources;
			sourceTree = "<group>";
		};
		469676B029DC0506007724EF /* Networking */ = {
			isa = PBXGroup;
			children = (
				46BCC28A29E52B4000ACF2C0 /* playlistNetworking.swift */,
				46B9114D29E81E1D00B01A4B /* ArtistApi.swift */,
				46C689DB29EC505F00B722B8 /* SearchApi.swift */,
			);
			path = Networking;
			sourceTree = "<group>";
		};
		469676B129DC0511007724EF /* AudioPlayer */ = {
			isa = PBXGroup;
			children = (
				5D17937329E683820014FCAC /* Model */,
				5D17937229E6837C0014FCAC /* View */,
				5D17937129E6837A0014FCAC /* ViewModel */,
			);
			path = AudioPlayer;
			sourceTree = "<group>";
		};
		469676DA29DC634F007724EF /* Common */ = {
			isa = PBXGroup;
			children = (
				46BCC28629E528A800ACF2C0 /* Model */,
				469676AE29DC04B4007724EF /* TabBar */,
				469676B129DC0511007724EF /* AudioPlayer */,
			);
			path = Common;
			sourceTree = "<group>";
		};
		469676DB29DC63F2007724EF /* ViewModel */ = {
			isa = PBXGroup;
			children = (
			);
			path = ViewModel;
			sourceTree = "<group>";
		};
		469676DC29DC63F7007724EF /* View */ = {
			isa = PBXGroup;
			children = (
				469676E029DC644D007724EF /* Main */,
				469676E129DC6450007724EF /* Components */,
			);
			path = View;
			sourceTree = "<group>";
		};
		469676DD29DC63FA007724EF /* Model */ = {
			isa = PBXGroup;
			children = (
				469676DE29DC6435007724EF /* TabItems.swift */,
			);
			path = Model;
			sourceTree = "<group>";
		};
		469676E029DC644D007724EF /* Main */ = {
			isa = PBXGroup;
			children = (
				469676BA29DC442A007724EF /* TabBarManager.swift */,
			);
			path = Main;
			sourceTree = "<group>";
		};
		469676E129DC6450007724EF /* Components */ = {
			isa = PBXGroup;
			children = (
				46F44FDA29DAE8B200936230 /* TabBar.swift */,
				469676E229DC649F007724EF /* CustomTabItem.swift */,
			);
			path = Components;
			sourceTree = "<group>";
		};
		46A28DBE29E73A1C0043FC04 /* Model */ = {
			isa = PBXGroup;
			children = (
			);
			path = Model;
			sourceTree = "<group>";
		};
		46A28DC229E73A7F0043FC04 /* MainView */ = {
			isa = PBXGroup;
			children = (
				46F44FD629DAD37500936230 /* HomeView.swift */,
			);
			path = MainView;
			sourceTree = "<group>";
		};
		46A28DC329E73ACF0043FC04 /* ViewModel */ = {
			isa = PBXGroup;
			children = (
				46B6F03529ED46B80015391C /* PlaylistViewModel.swift */,
			);
			path = ViewModel;
			sourceTree = "<group>";
		};
		46AB0B7329DD4F7800C347E7 /* Favorites */ = {
			isa = PBXGroup;
			children = (
				46F64E9229DB04F200B44B3D /* FavouriteView.swift */,
			);
			path = Favorites;
			sourceTree = "<group>";
		};
		46AB0B7529DD4F9500C347E7 /* Search */ = {
			isa = PBXGroup;
			children = (
				46BCC28729E52A5600ACF2C0 /* Views */,
			);
			path = Search;
			sourceTree = "<group>";
		};
		46AB0B7A29DDB1BA00C347E7 /* AppColors */ = {
			isa = PBXGroup;
			children = (
				4677786629DC9FB40089C807 /* AppColor.swift */,
				46AB0B7B29DDB1CA00C347E7 /* AppColors.xcassets */,
			);
			path = AppColors;
			sourceTree = "<group>";
		};
		46B6F03729ED65D30015391C /* ComponentViews */ = {
			isa = PBXGroup;
			children = (
				46B6F03829ED65F80015391C /* LogoView.swift */,
				46B6F03E29ED67860015391C /* TextModifierForLargeTitle.swift */,
				46B6F04029ED68660015391C /* AsyncImageModifierArtist.swift */,
				46B6F04229ED6B8C0015391C /* TextModifierForSmallCaptions.swift */,
				46B6F04429ED6C340015391C /* DefaultPlaceholderImage.swift */,
				46B6F04629ED6CEA0015391C /* AsyncImageModifierForPlaylist.swift */,
			);
			path = ComponentViews;
			sourceTree = "<group>";
		};
		46BCC28629E528A800ACF2C0 /* Model */ = {
			isa = PBXGroup;
			children = (
				469A527129E499BD006369E5 /* ArtistModel.swift */,
				46BCC28429E5285200ACF2C0 /* playlistModel.swift */,
				469E5C3429ECEACB00CE3302 /* SearchModel.swift */,
			);
			path = Model;
			sourceTree = "<group>";
		};
		46BCC28729E52A5600ACF2C0 /* Views */ = {
			isa = PBXGroup;
			children = (
				46BCC28829E52A6100ACF2C0 /* Main */,
				46BCC28929E52A6C00ACF2C0 /* Components */,
			);
			path = Views;
			sourceTree = "<group>";
		};
		46BCC28829E52A6100ACF2C0 /* Main */ = {
			isa = PBXGroup;
			children = (
				46F64E9429DB050100B44B3D /* SearchView.swift */,
			);
			path = Main;
			sourceTree = "<group>";
		};
		46BCC28929E52A6C00ACF2C0 /* Components */ = {
			isa = PBXGroup;
			children = (
				46AE27FF29E424C600F535AD /* SearchBar.swift */,
			);
			path = Components;
			sourceTree = "<group>";
		};
		46BE562D29E0A265006526BC /* View */ = {
			isa = PBXGroup;
			children = (
				46BE562A29E0921F006526BC /* OnboardingView.swift */,
				46BE562829E08DF5006526BC /* PageView.swift */,
			);
			path = View;
			sourceTree = "<group>";
		};
		46BE563129E0A31F006526BC /* Model */ = {
			isa = PBXGroup;
			children = (
				46D22C0529E06E9E00ACDE82 /* PageModel.swift */,
			);
			path = Model;
			sourceTree = "<group>";
		};
		46BE563229E0A335006526BC /* ViewModel */ = {
			isa = PBXGroup;
			children = (
				5D127D3529E54D41007DA0D0 /* OnboardingViewModel.swift */,
			);
			path = ViewModel;
			sourceTree = "<group>";
		};
		46D22C0429E06E6A00ACDE82 /* IntroScreens */ = {
			isa = PBXGroup;
			children = (
				46BE563129E0A31F006526BC /* Model */,
				46BE562D29E0A265006526BC /* View */,
				46BE563229E0A335006526BC /* ViewModel */,
			);
			path = IntroScreens;
			sourceTree = "<group>";
		};
		46F44FBC29DAD35800936230 = {
			isa = PBXGroup;
			children = (
				46F44FC729DAD35800936230 /* MusicApp */,
				46F44FC629DAD35800936230 /* Products */,
			);
			sourceTree = "<group>";
		};
		46F44FC629DAD35800936230 /* Products */ = {
			isa = PBXGroup;
			children = (
				46F44FC529DAD35800936230 /* MusicApp.app */,
			);
			name = Products;
			sourceTree = "<group>";
		};
		46F44FC729DAD35800936230 /* MusicApp */ = {
			isa = PBXGroup;
			children = (
				5D17936E29E680590014FCAC /* Constants */,
				469676DA29DC634F007724EF /* Common */,
				469676AC29DC0417007724EF /* Modules */,
				469676AF29DC04DC007724EF /* Resources */,
				469676B029DC0506007724EF /* Networking */,
				46F44FCE29DAD35900936230 /* Preview Content */,
			);
			path = MusicApp;
			sourceTree = "<group>";
		};
		46F44FCE29DAD35900936230 /* Preview Content */ = {
			isa = PBXGroup;
			children = (
				46F44FCF29DAD35900936230 /* Preview Assets.xcassets */,
			);
			path = "Preview Content";
			sourceTree = "<group>";
		};
		5D17936E29E680590014FCAC /* Constants */ = {
			isa = PBXGroup;
			children = (
				5D17936F29E680640014FCAC /* UIConstants.swift */,
			);
			path = Constants;
			sourceTree = "<group>";
		};
		5D17937129E6837A0014FCAC /* ViewModel */ = {
			isa = PBXGroup;
			children = (
			);
			path = ViewModel;
			sourceTree = "<group>";
		};
		5D17937229E6837C0014FCAC /* View */ = {
			isa = PBXGroup;
			children = (
				5D17937529E683890014FCAC /* Components */,
				5D17937429E683860014FCAC /* MainView */,
			);
			path = View;
			sourceTree = "<group>";
		};
		5D17937329E683820014FCAC /* Model */ = {
			isa = PBXGroup;
			children = (
				5D17937629E683B30014FCAC /* AudioPlayerVisiblityState.swift */,
			);
			path = Model;
			sourceTree = "<group>";
		};
		5D17937429E683860014FCAC /* MainView */ = {
			isa = PBXGroup;
			children = (
				46C2E97129DE8E4A005DD3D5 /* MiniPlayerView.swift */,
				469676B429DC0FA5007724EF /* AudioPlayerView.swift */,
			);
			path = MainView;
			sourceTree = "<group>";
		};
		5D17937529E683890014FCAC /* Components */ = {
			isa = PBXGroup;
			children = (
				4677786329DC96490089C807 /* SongDurationSlider.swift */,
				4677786829DCA0B80089C807 /* AudioScreenButtons.swift */,
				4677786A29DCA42B0089C807 /* AudioImageView.swift */,
				46AB0B7629DD60A100C347E7 /* FloatingScreenView.swift */,
				46A6CF5F29E6B55A003CF724 /* SongNameTextModifier.swift */,
			);
			path = Components;
			sourceTree = "<group>";
		};
/* End PBXGroup section */

/* Begin PBXNativeTarget section */
		46F44FC429DAD35800936230 /* MusicApp */ = {
			isa = PBXNativeTarget;
			buildConfigurationList = 46F44FD329DAD35900936230 /* Build configuration list for PBXNativeTarget "MusicApp" */;
			buildPhases = (
				46F44FC129DAD35800936230 /* Sources */,
				46F44FC229DAD35800936230 /* Frameworks */,
				46F44FC329DAD35800936230 /* Resources */,
			);
			buildRules = (
			);
			dependencies = (
			);
			name = MusicApp;
			productName = MusicApp;
			productReference = 46F44FC529DAD35800936230 /* MusicApp.app */;
			productType = "com.apple.product-type.application";
		};
/* End PBXNativeTarget section */

/* Begin PBXProject section */
		46F44FBD29DAD35800936230 /* Project object */ = {
			isa = PBXProject;
			attributes = {
				BuildIndependentTargetsInParallel = 1;
				LastSwiftUpdateCheck = 1410;
				LastUpgradeCheck = 1410;
				TargetAttributes = {
					46F44FC429DAD35800936230 = {
						CreatedOnToolsVersion = 14.1;
					};
				};
			};
			buildConfigurationList = 46F44FC029DAD35800936230 /* Build configuration list for PBXProject "MusicApp" */;
			compatibilityVersion = "Xcode 14.0";
			developmentRegion = en;
			hasScannedForEncodings = 0;
			knownRegions = (
				en,
				Base,
			);
			mainGroup = 46F44FBC29DAD35800936230;
			productRefGroup = 46F44FC629DAD35800936230 /* Products */;
			projectDirPath = "";
			projectRoot = "";
			targets = (
				46F44FC429DAD35800936230 /* MusicApp */,
			);
		};
/* End PBXProject section */

/* Begin PBXResourcesBuildPhase section */
		46F44FC329DAD35800936230 /* Resources */ = {
			isa = PBXResourcesBuildPhase;
			buildActionMask = 2147483647;
			files = (
				46F44FD029DAD35900936230 /* Preview Assets.xcassets in Resources */,
				46F44FCD29DAD35900936230 /* Assets.xcassets in Resources */,
				46AB0B7C29DDB1CA00C347E7 /* AppColors.xcassets in Resources */,
			);
			runOnlyForDeploymentPostprocessing = 0;
		};
/* End PBXResourcesBuildPhase section */

/* Begin PBXSourcesBuildPhase section */
		46F44FC129DAD35800936230 /* Sources */ = {
			isa = PBXSourcesBuildPhase;
			buildActionMask = 2147483647;
			files = (
				4677786429DC96490089C807 /* SongDurationSlider.swift in Sources */,
				46BCC28B29E52B4000ACF2C0 /* playlistNetworking.swift in Sources */,
				4677786929DCA0B80089C807 /* AudioScreenButtons.swift in Sources */,
				469E5C3529ECEACB00CE3302 /* SearchModel.swift in Sources */,
				5D127D3629E54D41007DA0D0 /* OnboardingViewModel.swift in Sources */,
				46AB0B7729DD60A100C347E7 /* FloatingScreenView.swift in Sources */,
				469A527229E499BD006369E5 /* ArtistModel.swift in Sources */,
				4677786B29DCA42B0089C807 /* AudioImageView.swift in Sources */,
				46D22C0629E06E9E00ACDE82 /* PageModel.swift in Sources */,
				46BCC28529E5285200ACF2C0 /* playlistModel.swift in Sources */,
				46B6F04529ED6C340015391C /* DefaultPlaceholderImage.swift in Sources */,
				46F44FD729DAD37500936230 /* HomeView.swift in Sources */,
				46BE562929E08DF5006526BC /* PageView.swift in Sources */,
				46B6F03629ED46B80015391C /* PlaylistViewModel.swift in Sources */,
				46F64E9529DB050100B44B3D /* SearchView.swift in Sources */,
				469676BB29DC442A007724EF /* TabBarManager.swift in Sources */,
				46F44FC929DAD35800936230 /* MusicApp.swift in Sources */,
				5D17937729E683B30014FCAC /* AudioPlayerVisiblityState.swift in Sources */,
				469676E329DC649F007724EF /* CustomTabItem.swift in Sources */,
				46B6F04329ED6B8C0015391C /* TextModifierForSmallCaptions.swift in Sources */,
				46F64E9329DB04F200B44B3D /* FavouriteView.swift in Sources */,
				46AE280029E424C600F535AD /* SearchBar.swift in Sources */,
				46B6F03F29ED67860015391C /* TextModifierForLargeTitle.swift in Sources */,
				5D17937029E680640014FCAC /* UIConstants.swift in Sources */,
				46A6CF6029E6B55A003CF724 /* SongNameTextModifier.swift in Sources */,
				46C2E97229DE8E4A005DD3D5 /* MiniPlayerView.swift in Sources */,
				46BE562B29E0921F006526BC /* OnboardingView.swift in Sources */,
				46C689DC29EC505F00B722B8 /* SearchApi.swift in Sources */,
				46B9114E29E81E1D00B01A4B /* ArtistApi.swift in Sources */,
				46F44FDB29DAE8B200936230 /* TabBar.swift in Sources */,
				46B6F03929ED65F80015391C /* LogoView.swift in Sources */,
				469676DF29DC6435007724EF /* TabItems.swift in Sources */,
				469676B529DC0FA5007724EF /* AudioPlayerView.swift in Sources */,
				46B6F04129ED68660015391C /* AsyncImageModifierArtist.swift in Sources */,
				4677786729DC9FB40089C807 /* AppColor.swift in Sources */,
				46B6F04729ED6CEA0015391C /* AsyncImageModifierForPlaylist.swift in Sources */,
			);
			runOnlyForDeploymentPostprocessing = 0;
		};
/* End PBXSourcesBuildPhase section */

/* Begin XCBuildConfiguration section */
		46F44FD129DAD35900936230 /* Debug */ = {
			isa = XCBuildConfiguration;
			buildSettings = {
				ALWAYS_SEARCH_USER_PATHS = NO;
				CLANG_ANALYZER_NONNULL = YES;
				CLANG_ANALYZER_NUMBER_OBJECT_CONVERSION = YES_AGGRESSIVE;
				CLANG_CXX_LANGUAGE_STANDARD = "gnu++20";
				CLANG_ENABLE_MODULES = YES;
				CLANG_ENABLE_OBJC_ARC = YES;
				CLANG_ENABLE_OBJC_WEAK = YES;
				CLANG_WARN_BLOCK_CAPTURE_AUTORELEASING = YES;
				CLANG_WARN_BOOL_CONVERSION = YES;
				CLANG_WARN_COMMA = YES;
				CLANG_WARN_CONSTANT_CONVERSION = YES;
				CLANG_WARN_DEPRECATED_OBJC_IMPLEMENTATIONS = YES;
				CLANG_WARN_DIRECT_OBJC_ISA_USAGE = YES_ERROR;
				CLANG_WARN_DOCUMENTATION_COMMENTS = YES;
				CLANG_WARN_EMPTY_BODY = YES;
				CLANG_WARN_ENUM_CONVERSION = YES;
				CLANG_WARN_INFINITE_RECURSION = YES;
				CLANG_WARN_INT_CONVERSION = YES;
				CLANG_WARN_NON_LITERAL_NULL_CONVERSION = YES;
				CLANG_WARN_OBJC_IMPLICIT_RETAIN_SELF = YES;
				CLANG_WARN_OBJC_LITERAL_CONVERSION = YES;
				CLANG_WARN_OBJC_ROOT_CLASS = YES_ERROR;
				CLANG_WARN_QUOTED_INCLUDE_IN_FRAMEWORK_HEADER = YES;
				CLANG_WARN_RANGE_LOOP_ANALYSIS = YES;
				CLANG_WARN_STRICT_PROTOTYPES = YES;
				CLANG_WARN_SUSPICIOUS_MOVE = YES;
				CLANG_WARN_UNGUARDED_AVAILABILITY = YES_AGGRESSIVE;
				CLANG_WARN_UNREACHABLE_CODE = YES;
				CLANG_WARN__DUPLICATE_METHOD_MATCH = YES;
				COPY_PHASE_STRIP = NO;
				DEBUG_INFORMATION_FORMAT = dwarf;
				ENABLE_STRICT_OBJC_MSGSEND = YES;
				ENABLE_TESTABILITY = YES;
				GCC_C_LANGUAGE_STANDARD = gnu11;
				GCC_DYNAMIC_NO_PIC = NO;
				GCC_NO_COMMON_BLOCKS = YES;
				GCC_OPTIMIZATION_LEVEL = 0;
				GCC_PREPROCESSOR_DEFINITIONS = (
					"DEBUG=1",
					"$(inherited)",
				);
				GCC_WARN_64_TO_32_BIT_CONVERSION = YES;
				GCC_WARN_ABOUT_RETURN_TYPE = YES_ERROR;
				GCC_WARN_UNDECLARED_SELECTOR = YES;
				GCC_WARN_UNINITIALIZED_AUTOS = YES_AGGRESSIVE;
				GCC_WARN_UNUSED_FUNCTION = YES;
				GCC_WARN_UNUSED_VARIABLE = YES;
				IPHONEOS_DEPLOYMENT_TARGET = 16.1;
				MTL_ENABLE_DEBUG_INFO = INCLUDE_SOURCE;
				MTL_FAST_MATH = YES;
				ONLY_ACTIVE_ARCH = YES;
				SDKROOT = iphoneos;
				SWIFT_ACTIVE_COMPILATION_CONDITIONS = DEBUG;
				SWIFT_OPTIMIZATION_LEVEL = "-Onone";
			};
			name = Debug;
		};
		46F44FD229DAD35900936230 /* Release */ = {
			isa = XCBuildConfiguration;
			buildSettings = {
				ALWAYS_SEARCH_USER_PATHS = NO;
				CLANG_ANALYZER_NONNULL = YES;
				CLANG_ANALYZER_NUMBER_OBJECT_CONVERSION = YES_AGGRESSIVE;
				CLANG_CXX_LANGUAGE_STANDARD = "gnu++20";
				CLANG_ENABLE_MODULES = YES;
				CLANG_ENABLE_OBJC_ARC = YES;
				CLANG_ENABLE_OBJC_WEAK = YES;
				CLANG_WARN_BLOCK_CAPTURE_AUTORELEASING = YES;
				CLANG_WARN_BOOL_CONVERSION = YES;
				CLANG_WARN_COMMA = YES;
				CLANG_WARN_CONSTANT_CONVERSION = YES;
				CLANG_WARN_DEPRECATED_OBJC_IMPLEMENTATIONS = YES;
				CLANG_WARN_DIRECT_OBJC_ISA_USAGE = YES_ERROR;
				CLANG_WARN_DOCUMENTATION_COMMENTS = YES;
				CLANG_WARN_EMPTY_BODY = YES;
				CLANG_WARN_ENUM_CONVERSION = YES;
				CLANG_WARN_INFINITE_RECURSION = YES;
				CLANG_WARN_INT_CONVERSION = YES;
				CLANG_WARN_NON_LITERAL_NULL_CONVERSION = YES;
				CLANG_WARN_OBJC_IMPLICIT_RETAIN_SELF = YES;
				CLANG_WARN_OBJC_LITERAL_CONVERSION = YES;
				CLANG_WARN_OBJC_ROOT_CLASS = YES_ERROR;
				CLANG_WARN_QUOTED_INCLUDE_IN_FRAMEWORK_HEADER = YES;
				CLANG_WARN_RANGE_LOOP_ANALYSIS = YES;
				CLANG_WARN_STRICT_PROTOTYPES = YES;
				CLANG_WARN_SUSPICIOUS_MOVE = YES;
				CLANG_WARN_UNGUARDED_AVAILABILITY = YES_AGGRESSIVE;
				CLANG_WARN_UNREACHABLE_CODE = YES;
				CLANG_WARN__DUPLICATE_METHOD_MATCH = YES;
				COPY_PHASE_STRIP = NO;
				DEBUG_INFORMATION_FORMAT = "dwarf-with-dsym";
				ENABLE_NS_ASSERTIONS = NO;
				ENABLE_STRICT_OBJC_MSGSEND = YES;
				GCC_C_LANGUAGE_STANDARD = gnu11;
				GCC_NO_COMMON_BLOCKS = YES;
				GCC_WARN_64_TO_32_BIT_CONVERSION = YES;
				GCC_WARN_ABOUT_RETURN_TYPE = YES_ERROR;
				GCC_WARN_UNDECLARED_SELECTOR = YES;
				GCC_WARN_UNINITIALIZED_AUTOS = YES_AGGRESSIVE;
				GCC_WARN_UNUSED_FUNCTION = YES;
				GCC_WARN_UNUSED_VARIABLE = YES;
				IPHONEOS_DEPLOYMENT_TARGET = 16.1;
				MTL_ENABLE_DEBUG_INFO = NO;
				MTL_FAST_MATH = YES;
				SDKROOT = iphoneos;
				SWIFT_COMPILATION_MODE = wholemodule;
				SWIFT_OPTIMIZATION_LEVEL = "-O";
				VALIDATE_PRODUCT = YES;
			};
			name = Release;
		};
		46F44FD429DAD35900936230 /* Debug */ = {
			isa = XCBuildConfiguration;
			buildSettings = {
				ASSETCATALOG_COMPILER_APPICON_NAME = AppIcon;
				ASSETCATALOG_COMPILER_GLOBAL_ACCENT_COLOR_NAME = AccentColor;
				CODE_SIGN_STYLE = Automatic;
				CURRENT_PROJECT_VERSION = 1;
				DEVELOPMENT_ASSET_PATHS = "\"MusicApp/Preview Content\"";
				DEVELOPMENT_TEAM = 28BNK8355W;
				ENABLE_PREVIEWS = YES;
				GENERATE_INFOPLIST_FILE = YES;
				INFOPLIST_KEY_UIApplicationSceneManifest_Generation = YES;
				INFOPLIST_KEY_UIApplicationSupportsIndirectInputEvents = YES;
				INFOPLIST_KEY_UILaunchScreen_Generation = YES;
				INFOPLIST_KEY_UISupportedInterfaceOrientations_iPad = "UIInterfaceOrientationPortrait UIInterfaceOrientationPortraitUpsideDown UIInterfaceOrientationLandscapeLeft UIInterfaceOrientationLandscapeRight";
				INFOPLIST_KEY_UISupportedInterfaceOrientations_iPhone = "UIInterfaceOrientationPortrait UIInterfaceOrientationLandscapeLeft UIInterfaceOrientationLandscapeRight";
				LD_RUNPATH_SEARCH_PATHS = (
					"$(inherited)",
					"@executable_path/Frameworks",
				);
				MARKETING_VERSION = 1.0;
				PRODUCT_BUNDLE_IDENTIFIER = iOSDevManni.CoffeeAndCode.MusicApp;
				PRODUCT_NAME = "$(TARGET_NAME)";
				SWIFT_EMIT_LOC_STRINGS = YES;
				SWIFT_VERSION = 5.0;
				TARGETED_DEVICE_FAMILY = "1,2";
			};
			name = Debug;
		};
		46F44FD529DAD35900936230 /* Release */ = {
			isa = XCBuildConfiguration;
			buildSettings = {
				ASSETCATALOG_COMPILER_APPICON_NAME = AppIcon;
				ASSETCATALOG_COMPILER_GLOBAL_ACCENT_COLOR_NAME = AccentColor;
				CODE_SIGN_STYLE = Automatic;
				CURRENT_PROJECT_VERSION = 1;
				DEVELOPMENT_ASSET_PATHS = "\"MusicApp/Preview Content\"";
				DEVELOPMENT_TEAM = 28BNK8355W;
				ENABLE_PREVIEWS = YES;
				GENERATE_INFOPLIST_FILE = YES;
				INFOPLIST_KEY_UIApplicationSceneManifest_Generation = YES;
				INFOPLIST_KEY_UIApplicationSupportsIndirectInputEvents = YES;
				INFOPLIST_KEY_UILaunchScreen_Generation = YES;
				INFOPLIST_KEY_UISupportedInterfaceOrientations_iPad = "UIInterfaceOrientationPortrait UIInterfaceOrientationPortraitUpsideDown UIInterfaceOrientationLandscapeLeft UIInterfaceOrientationLandscapeRight";
				INFOPLIST_KEY_UISupportedInterfaceOrientations_iPhone = "UIInterfaceOrientationPortrait UIInterfaceOrientationLandscapeLeft UIInterfaceOrientationLandscapeRight";
				LD_RUNPATH_SEARCH_PATHS = (
					"$(inherited)",
					"@executable_path/Frameworks",
				);
				MARKETING_VERSION = 1.0;
				PRODUCT_BUNDLE_IDENTIFIER = iOSDevManni.CoffeeAndCode.MusicApp;
				PRODUCT_NAME = "$(TARGET_NAME)";
				SWIFT_EMIT_LOC_STRINGS = YES;
				SWIFT_VERSION = 5.0;
				TARGETED_DEVICE_FAMILY = "1,2";
			};
			name = Release;
		};
/* End XCBuildConfiguration section */

/* Begin XCConfigurationList section */
		46F44FC029DAD35800936230 /* Build configuration list for PBXProject "MusicApp" */ = {
			isa = XCConfigurationList;
			buildConfigurations = (
				46F44FD129DAD35900936230 /* Debug */,
				46F44FD229DAD35900936230 /* Release */,
			);
			defaultConfigurationIsVisible = 0;
			defaultConfigurationName = Release;
		};
		46F44FD329DAD35900936230 /* Build configuration list for PBXNativeTarget "MusicApp" */ = {
			isa = XCConfigurationList;
			buildConfigurations = (
				46F44FD429DAD35900936230 /* Debug */,
				46F44FD529DAD35900936230 /* Release */,
			);
			defaultConfigurationIsVisible = 0;
			defaultConfigurationName = Release;
		};
/* End XCConfigurationList section */
	};
	rootObject = 46F44FBD29DAD35800936230 /* Project object */;
}
