// !$*UTF8*$!
{
	archiveVersion = 1;
	classes = {
	};
	objectVersion = 56;
	objects = {

/* Begin PBXBuildFile section */
		4699D81129CADEA200B551D6 /* BubbleGum.ttf in Resources */ = {isa = PBXBuildFile; fileRef = 4699D81029CADEA200B551D6 /* BubbleGum.ttf */; };
		469E2C6A29CADFD9008F7402 /* Deloresamores.ttf in Resources */ = {isa = PBXBuildFile; fileRef = 469E2C6929CADFD9008F7402 /* Deloresamores.ttf */; };
		46A1D1A029C8358D00D0C8EF /* PokemonModel.swift in Sources */ = {isa = PBXBuildFile; fileRef = 46A1D19F29C8358D00D0C8EF /* PokemonModel.swift */; };
		46A4AD8F29C470B7002A59E6 /* AppDelegate.swift in Sources */ = {isa = PBXBuildFile; fileRef = 46A4AD8E29C470B7002A59E6 /* AppDelegate.swift */; };
		46A4AD9129C470B7002A59E6 /* SceneDelegate.swift in Sources */ = {isa = PBXBuildFile; fileRef = 46A4AD9029C470B7002A59E6 /* SceneDelegate.swift */; };
		46A4AD9329C470B7002A59E6 /* PokemonCardsViewController.swift in Sources */ = {isa = PBXBuildFile; fileRef = 46A4AD9229C470B7002A59E6 /* PokemonCardsViewController.swift */; };
		46A4AD9629C470B7002A59E6 /* Main.storyboard in Resources */ = {isa = PBXBuildFile; fileRef = 46A4AD9429C470B7002A59E6 /* Main.storyboard */; };
		46A4AD9829C470B9002A59E6 /* Assets.xcassets in Resources */ = {isa = PBXBuildFile; fileRef = 46A4AD9729C470B9002A59E6 /* Assets.xcassets */; };
		46A4AD9B29C470B9002A59E6 /* LaunchScreen.storyboard in Resources */ = {isa = PBXBuildFile; fileRef = 46A4AD9929C470B9002A59E6 /* LaunchScreen.storyboard */; };
		46A4ADA429C470E2002A59E6 /* PokemonCollectionViewCell.swift in Sources */ = {isa = PBXBuildFile; fileRef = 46A4ADA229C470E2002A59E6 /* PokemonCollectionViewCell.swift */; };
		46A4ADA529C470E2002A59E6 /* PokemonCollectionViewCell.xib in Resources */ = {isa = PBXBuildFile; fileRef = 46A4ADA329C470E2002A59E6 /* PokemonCollectionViewCell.xib */; };
		46AE0B2029CC34AA00D926EB /* PokemonCardsViewModel.swift in Sources */ = {isa = PBXBuildFile; fileRef = 46AE0B1F29CC34AA00D926EB /* PokemonCardsViewModel.swift */; };
		46C8CFB029CC0CC300AB33B6 /* NetworkCall.swift in Sources */ = {isa = PBXBuildFile; fileRef = 46C8CFAF29CC0CC300AB33B6 /* NetworkCall.swift */; };
/* End PBXBuildFile section */

/* Begin PBXFileReference section */
		4699D81029CADEA200B551D6 /* BubbleGum.ttf */ = {isa = PBXFileReference; lastKnownFileType = file; path = BubbleGum.ttf; sourceTree = "<group>"; };
		469E2C6929CADFD9008F7402 /* Deloresamores.ttf */ = {isa = PBXFileReference; lastKnownFileType = file; path = Deloresamores.ttf; sourceTree = "<group>"; };
		46A1D19F29C8358D00D0C8EF /* PokemonModel.swift */ = {isa = PBXFileReference; lastKnownFileType = sourcecode.swift; path = PokemonModel.swift; sourceTree = "<group>"; };
		46A4AD8B29C470B7002A59E6 /* PokemonFetchApp.app */ = {isa = PBXFileReference; explicitFileType = wrapper.application; includeInIndex = 0; path = PokemonFetchApp.app; sourceTree = BUILT_PRODUCTS_DIR; };
		46A4AD8E29C470B7002A59E6 /* AppDelegate.swift */ = {isa = PBXFileReference; lastKnownFileType = sourcecode.swift; path = AppDelegate.swift; sourceTree = "<group>"; };
		46A4AD9029C470B7002A59E6 /* SceneDelegate.swift */ = {isa = PBXFileReference; lastKnownFileType = sourcecode.swift; path = SceneDelegate.swift; sourceTree = "<group>"; };
		46A4AD9229C470B7002A59E6 /* PokemonCardsViewController.swift */ = {isa = PBXFileReference; lastKnownFileType = sourcecode.swift; path = PokemonCardsViewController.swift; sourceTree = "<group>"; };
		46A4AD9529C470B7002A59E6 /* Base */ = {isa = PBXFileReference; lastKnownFileType = file.storyboard; name = Base; path = Base.lproj/Main.storyboard; sourceTree = "<group>"; };
		46A4AD9729C470B9002A59E6 /* Assets.xcassets */ = {isa = PBXFileReference; lastKnownFileType = folder.assetcatalog; path = Assets.xcassets; sourceTree = "<group>"; };
		46A4AD9A29C470B9002A59E6 /* Base */ = {isa = PBXFileReference; lastKnownFileType = file.storyboard; name = Base; path = Base.lproj/LaunchScreen.storyboard; sourceTree = "<group>"; };
		46A4AD9C29C470B9002A59E6 /* Info.plist */ = {isa = PBXFileReference; lastKnownFileType = text.plist.xml; path = Info.plist; sourceTree = "<group>"; };
		46A4ADA229C470E2002A59E6 /* PokemonCollectionViewCell.swift */ = {isa = PBXFileReference; lastKnownFileType = sourcecode.swift; path = PokemonCollectionViewCell.swift; sourceTree = "<group>"; };
		46A4ADA329C470E2002A59E6 /* PokemonCollectionViewCell.xib */ = {isa = PBXFileReference; lastKnownFileType = file.xib; path = PokemonCollectionViewCell.xib; sourceTree = "<group>"; };
		46AE0B1F29CC34AA00D926EB /* PokemonCardsViewModel.swift */ = {isa = PBXFileReference; lastKnownFileType = sourcecode.swift; path = PokemonCardsViewModel.swift; sourceTree = "<group>"; };
		46C8CFAF29CC0CC300AB33B6 /* NetworkCall.swift */ = {isa = PBXFileReference; lastKnownFileType = sourcecode.swift; path = NetworkCall.swift; sourceTree = "<group>"; };
/* End PBXFileReference section */

/* Begin PBXFrameworksBuildPhase section */
		46A4AD8829C470B7002A59E6 /* Frameworks */ = {
			isa = PBXFrameworksBuildPhase;
			buildActionMask = 2147483647;
			files = (
			);
			runOnlyForDeploymentPostprocessing = 0;
		};
/* End PBXFrameworksBuildPhase section */

/* Begin PBXGroup section */
		4699D80F29CADE7800B551D6 /* CustomFonts */ = {
			isa = PBXGroup;
			children = (
				469E2C6929CADFD9008F7402 /* Deloresamores.ttf */,
				4699D81029CADEA200B551D6 /* BubbleGum.ttf */,
			);
			path = CustomFonts;
			sourceTree = "<group>";
		};
		469E2C6B29CB3C22008F7402 /* Resources */ = {
			isa = PBXGroup;
			children = (
				46A4AD9729C470B9002A59E6 /* Assets.xcassets */,
				46A4AD8E29C470B7002A59E6 /* AppDelegate.swift */,
				46A4AD9029C470B7002A59E6 /* SceneDelegate.swift */,
				4699D80F29CADE7800B551D6 /* CustomFonts */,
			);
			path = Resources;
			sourceTree = "<group>";
		};
		469E2C6C29CB3C50008F7402 /* Modules */ = {
			isa = PBXGroup;
			children = (
				469E2C6D29CB3C99008F7402 /* PokemonFetch */,
			);
			path = Modules;
			sourceTree = "<group>";
		};
		469E2C6D29CB3C99008F7402 /* PokemonFetch */ = {
			isa = PBXGroup;
			children = (
				469E2C6E29CB3CAE008F7402 /* Model */,
				469E2C6F29CB3CC5008F7402 /* View */,
				469E2C7129CB3D4C008F7402 /* View-Model */,
			);
			path = PokemonFetch;
			sourceTree = "<group>";
		};
		469E2C6E29CB3CAE008F7402 /* Model */ = {
			isa = PBXGroup;
			children = (
				46A1D19F29C8358D00D0C8EF /* PokemonModel.swift */,
			);
			path = Model;
			sourceTree = "<group>";
		};
		469E2C6F29CB3CC5008F7402 /* View */ = {
			isa = PBXGroup;
			children = (
				46C8CFB129CC16FB00AB33B6 /* CellAndXibs */,
				469E2C7029CB3CF2008F7402 /* Controllers */,
			);
			path = View;
			sourceTree = "<group>";
		};
		469E2C7029CB3CF2008F7402 /* Controllers */ = {
			isa = PBXGroup;
			children = (
				46A4AD9229C470B7002A59E6 /* PokemonCardsViewController.swift */,
			);
			path = Controllers;
			sourceTree = "<group>";
		};
		469E2C7129CB3D4C008F7402 /* View-Model */ = {
			isa = PBXGroup;
			children = (
				46AE0B1F29CC34AA00D926EB /* PokemonCardsViewModel.swift */,
			);
			path = "View-Model";
			sourceTree = "<group>";
		};
		469E2C7229CB3D66008F7402 /* StoryBoards */ = {
			isa = PBXGroup;
			children = (
				46A4AD9429C470B7002A59E6 /* Main.storyboard */,
				46A4AD9929C470B9002A59E6 /* LaunchScreen.storyboard */,
			);
			path = StoryBoards;
			sourceTree = "<group>";
		};
		46A4AD8229C470B7002A59E6 = {
			isa = PBXGroup;
			children = (
				46A4AD8D29C470B7002A59E6 /* PokemonFetchApp */,
				46A4AD8C29C470B7002A59E6 /* Products */,
			);
			sourceTree = "<group>";
		};
		46A4AD8C29C470B7002A59E6 /* Products */ = {
			isa = PBXGroup;
			children = (
				46A4AD8B29C470B7002A59E6 /* PokemonFetchApp.app */,
			);
			name = Products;
			sourceTree = "<group>";
		};
		46A4AD8D29C470B7002A59E6 /* PokemonFetchApp */ = {
			isa = PBXGroup;
			children = (
				469E2C7229CB3D66008F7402 /* StoryBoards */,
				46C8CFAE29CC0C6300AB33B6 /* Networking */,
				469E2C6C29CB3C50008F7402 /* Modules */,
				469E2C6B29CB3C22008F7402 /* Resources */,
				46A4AD9C29C470B9002A59E6 /* Info.plist */,
			);
			path = PokemonFetchApp;
			sourceTree = "<group>";
		};
		46C8CFAE29CC0C6300AB33B6 /* Networking */ = {
			isa = PBXGroup;
			children = (
				46C8CFAF29CC0CC300AB33B6 /* NetworkCall.swift */,
			);
			path = Networking;
			sourceTree = "<group>";
		};
		46C8CFB129CC16FB00AB33B6 /* CellAndXibs */ = {
			isa = PBXGroup;
			children = (
				46A4ADA329C470E2002A59E6 /* PokemonCollectionViewCell.xib */,
				46A4ADA229C470E2002A59E6 /* PokemonCollectionViewCell.swift */,
			);
			path = CellAndXibs;
			sourceTree = "<group>";
		};
/* End PBXGroup section */

/* Begin PBXNativeTarget section */
		46A4AD8A29C470B7002A59E6 /* PokemonFetchApp */ = {
			isa = PBXNativeTarget;
			buildConfigurationList = 46A4AD9F29C470B9002A59E6 /* Build configuration list for PBXNativeTarget "PokemonFetchApp" */;
			buildPhases = (
				46A4AD8729C470B7002A59E6 /* Sources */,
				46A4AD8829C470B7002A59E6 /* Frameworks */,
				46A4AD8929C470B7002A59E6 /* Resources */,
			);
			buildRules = (
			);
			dependencies = (
			);
			name = PokemonFetchApp;
			productName = PokemonFetchApp;
			productReference = 46A4AD8B29C470B7002A59E6 /* PokemonFetchApp.app */;
			productType = "com.apple.product-type.application";
		};
/* End PBXNativeTarget section */

/* Begin PBXProject section */
		46A4AD8329C470B7002A59E6 /* Project object */ = {
			isa = PBXProject;
			attributes = {
				BuildIndependentTargetsInParallel = 1;
				LastSwiftUpdateCheck = 1410;
				LastUpgradeCheck = 1410;
				TargetAttributes = {
					46A4AD8A29C470B7002A59E6 = {
						CreatedOnToolsVersion = 14.1;
					};
				};
			};
			buildConfigurationList = 46A4AD8629C470B7002A59E6 /* Build configuration list for PBXProject "PokemonFetchApp" */;
			compatibilityVersion = "Xcode 14.0";
			developmentRegion = en;
			hasScannedForEncodings = 0;
			knownRegions = (
				en,
				Base,
			);
			mainGroup = 46A4AD8229C470B7002A59E6;
			productRefGroup = 46A4AD8C29C470B7002A59E6 /* Products */;
			projectDirPath = "";
			projectRoot = "";
			targets = (
				46A4AD8A29C470B7002A59E6 /* PokemonFetchApp */,
			);
		};
/* End PBXProject section */

/* Begin PBXResourcesBuildPhase section */
		46A4AD8929C470B7002A59E6 /* Resources */ = {
			isa = PBXResourcesBuildPhase;
			buildActionMask = 2147483647;
			files = (
				46A4AD9B29C470B9002A59E6 /* LaunchScreen.storyboard in Resources */,
				46A4AD9829C470B9002A59E6 /* Assets.xcassets in Resources */,
				469E2C6A29CADFD9008F7402 /* Deloresamores.ttf in Resources */,
				4699D81129CADEA200B551D6 /* BubbleGum.ttf in Resources */,
				46A4ADA529C470E2002A59E6 /* PokemonCollectionViewCell.xib in Resources */,
				46A4AD9629C470B7002A59E6 /* Main.storyboard in Resources */,
			);
			runOnlyForDeploymentPostprocessing = 0;
		};
/* End PBXResourcesBuildPhase section */

/* Begin PBXSourcesBuildPhase section */
		46A4AD8729C470B7002A59E6 /* Sources */ = {
			isa = PBXSourcesBuildPhase;
			buildActionMask = 2147483647;
			files = (
				46A4AD9329C470B7002A59E6 /* PokemonCardsViewController.swift in Sources */,
				46A4AD8F29C470B7002A59E6 /* AppDelegate.swift in Sources */,
				46AE0B2029CC34AA00D926EB /* PokemonCardsViewModel.swift in Sources */,
				46A4ADA429C470E2002A59E6 /* PokemonCollectionViewCell.swift in Sources */,
				46A1D1A029C8358D00D0C8EF /* PokemonModel.swift in Sources */,
				46C8CFB029CC0CC300AB33B6 /* NetworkCall.swift in Sources */,
				46A4AD9129C470B7002A59E6 /* SceneDelegate.swift in Sources */,
			);
			runOnlyForDeploymentPostprocessing = 0;
		};
/* End PBXSourcesBuildPhase section */

/* Begin PBXVariantGroup section */
		46A4AD9429C470B7002A59E6 /* Main.storyboard */ = {
			isa = PBXVariantGroup;
			children = (
				46A4AD9529C470B7002A59E6 /* Base */,
			);
			name = Main.storyboard;
			sourceTree = "<group>";
		};
		46A4AD9929C470B9002A59E6 /* LaunchScreen.storyboard */ = {
			isa = PBXVariantGroup;
			children = (
				46A4AD9A29C470B9002A59E6 /* Base */,
			);
			name = LaunchScreen.storyboard;
			sourceTree = "<group>";
		};
/* End PBXVariantGroup section */

/* Begin XCBuildConfiguration section */
		46A4AD9D29C470B9002A59E6 /* Debug */ = {
			isa = XCBuildConfiguration;
			buildSettings = {
				ALWAYS_SEARCH_USER_PATHS = NO;
				CLANG_ANALYZER_NONNULL = YES;
				CLANG_ANALYZER_NUMBER_OBJECT_CONVERSION = YES_AGGRESSIVE;
				CLANG_CXX_LANGUAGE_STANDARD = "gnu++20";
				CLANG_ENABLE_MODULES = YES;
				CLANG_ENABLE_OBJC_ARC = YES;
				CLANG_ENABLE_OBJC_WEAK = YES;
				CLANG_WARN_BLOCK_CAPTURE_AUTORELEASING = YES;
				CLANG_WARN_BOOL_CONVERSION = YES;
				CLANG_WARN_COMMA = YES;
				CLANG_WARN_CONSTANT_CONVERSION = YES;
				CLANG_WARN_DEPRECATED_OBJC_IMPLEMENTATIONS = YES;
				CLANG_WARN_DIRECT_OBJC_ISA_USAGE = YES_ERROR;
				CLANG_WARN_DOCUMENTATION_COMMENTS = YES;
				CLANG_WARN_EMPTY_BODY = YES;
				CLANG_WARN_ENUM_CONVERSION = YES;
				CLANG_WARN_INFINITE_RECURSION = YES;
				CLANG_WARN_INT_CONVERSION = YES;
				CLANG_WARN_NON_LITERAL_NULL_CONVERSION = YES;
				CLANG_WARN_OBJC_IMPLICIT_RETAIN_SELF = YES;
				CLANG_WARN_OBJC_LITERAL_CONVERSION = YES;
				CLANG_WARN_OBJC_ROOT_CLASS = YES_ERROR;
				CLANG_WARN_QUOTED_INCLUDE_IN_FRAMEWORK_HEADER = YES;
				CLANG_WARN_RANGE_LOOP_ANALYSIS = YES;
				CLANG_WARN_STRICT_PROTOTYPES = YES;
				CLANG_WARN_SUSPICIOUS_MOVE = YES;
				CLANG_WARN_UNGUARDED_AVAILABILITY = YES_AGGRESSIVE;
				CLANG_WARN_UNREACHABLE_CODE = YES;
				CLANG_WARN__DUPLICATE_METHOD_MATCH = YES;
				COPY_PHASE_STRIP = NO;
				DEBUG_INFORMATION_FORMAT = dwarf;
				ENABLE_STRICT_OBJC_MSGSEND = YES;
				ENABLE_TESTABILITY = YES;
				GCC_C_LANGUAGE_STANDARD = gnu11;
				GCC_DYNAMIC_NO_PIC = NO;
				GCC_NO_COMMON_BLOCKS = YES;
				GCC_OPTIMIZATION_LEVEL = 0;
				GCC_PREPROCESSOR_DEFINITIONS = (
					"DEBUG=1",
					"$(inherited)",
				);
				GCC_WARN_64_TO_32_BIT_CONVERSION = YES;
				GCC_WARN_ABOUT_RETURN_TYPE = YES_ERROR;
				GCC_WARN_UNDECLARED_SELECTOR = YES;
				GCC_WARN_UNINITIALIZED_AUTOS = YES_AGGRESSIVE;
				GCC_WARN_UNUSED_FUNCTION = YES;
				GCC_WARN_UNUSED_VARIABLE = YES;
				IPHONEOS_DEPLOYMENT_TARGET = 16.1;
				MTL_ENABLE_DEBUG_INFO = INCLUDE_SOURCE;
				MTL_FAST_MATH = YES;
				ONLY_ACTIVE_ARCH = YES;
				SDKROOT = iphoneos;
				SWIFT_ACTIVE_COMPILATION_CONDITIONS = DEBUG;
				SWIFT_OPTIMIZATION_LEVEL = "-Onone";
			};
			name = Debug;
		};
		46A4AD9E29C470B9002A59E6 /* Release */ = {
			isa = XCBuildConfiguration;
			buildSettings = {
				ALWAYS_SEARCH_USER_PATHS = NO;
				CLANG_ANALYZER_NONNULL = YES;
				CLANG_ANALYZER_NUMBER_OBJECT_CONVERSION = YES_AGGRESSIVE;
				CLANG_CXX_LANGUAGE_STANDARD = "gnu++20";
				CLANG_ENABLE_MODULES = YES;
				CLANG_ENABLE_OBJC_ARC = YES;
				CLANG_ENABLE_OBJC_WEAK = YES;
				CLANG_WARN_BLOCK_CAPTURE_AUTORELEASING = YES;
				CLANG_WARN_BOOL_CONVERSION = YES;
				CLANG_WARN_COMMA = YES;
				CLANG_WARN_CONSTANT_CONVERSION = YES;
				CLANG_WARN_DEPRECATED_OBJC_IMPLEMENTATIONS = YES;
				CLANG_WARN_DIRECT_OBJC_ISA_USAGE = YES_ERROR;
				CLANG_WARN_DOCUMENTATION_COMMENTS = YES;
				CLANG_WARN_EMPTY_BODY = YES;
				CLANG_WARN_ENUM_CONVERSION = YES;
				CLANG_WARN_INFINITE_RECURSION = YES;
				CLANG_WARN_INT_CONVERSION = YES;
				CLANG_WARN_NON_LITERAL_NULL_CONVERSION = YES;
				CLANG_WARN_OBJC_IMPLICIT_RETAIN_SELF = YES;
				CLANG_WARN_OBJC_LITERAL_CONVERSION = YES;
				CLANG_WARN_OBJC_ROOT_CLASS = YES_ERROR;
				CLANG_WARN_QUOTED_INCLUDE_IN_FRAMEWORK_HEADER = YES;
				CLANG_WARN_RANGE_LOOP_ANALYSIS = YES;
				CLANG_WARN_STRICT_PROTOTYPES = YES;
				CLANG_WARN_SUSPICIOUS_MOVE = YES;
				CLANG_WARN_UNGUARDED_AVAILABILITY = YES_AGGRESSIVE;
				CLANG_WARN_UNREACHABLE_CODE = YES;
				CLANG_WARN__DUPLICATE_METHOD_MATCH = YES;
				COPY_PHASE_STRIP = NO;
				DEBUG_INFORMATION_FORMAT = "dwarf-with-dsym";
				ENABLE_NS_ASSERTIONS = NO;
				ENABLE_STRICT_OBJC_MSGSEND = YES;
				GCC_C_LANGUAGE_STANDARD = gnu11;
				GCC_NO_COMMON_BLOCKS = YES;
				GCC_WARN_64_TO_32_BIT_CONVERSION = YES;
				GCC_WARN_ABOUT_RETURN_TYPE = YES_ERROR;
				GCC_WARN_UNDECLARED_SELECTOR = YES;
				GCC_WARN_UNINITIALIZED_AUTOS = YES_AGGRESSIVE;
				GCC_WARN_UNUSED_FUNCTION = YES;
				GCC_WARN_UNUSED_VARIABLE = YES;
				IPHONEOS_DEPLOYMENT_TARGET = 16.1;
				MTL_ENABLE_DEBUG_INFO = NO;
				MTL_FAST_MATH = YES;
				SDKROOT = iphoneos;
				SWIFT_COMPILATION_MODE = wholemodule;
				SWIFT_OPTIMIZATION_LEVEL = "-O";
				VALIDATE_PRODUCT = YES;
			};
			name = Release;
		};
		46A4ADA029C470B9002A59E6 /* Debug */ = {
			isa = XCBuildConfiguration;
			buildSettings = {
				ASSETCATALOG_COMPILER_APPICON_NAME = AppIcon;
				ASSETCATALOG_COMPILER_GLOBAL_ACCENT_COLOR_NAME = AccentColor;
				CODE_SIGN_STYLE = Automatic;
				CURRENT_PROJECT_VERSION = 1;
				DEVELOPMENT_TEAM = 28BNK8355W;
				GENERATE_INFOPLIST_FILE = YES;
				INFOPLIST_FILE = PokemonFetchApp/Info.plist;
				INFOPLIST_KEY_UIApplicationSupportsIndirectInputEvents = YES;
				INFOPLIST_KEY_UILaunchStoryboardName = LaunchScreen;
				INFOPLIST_KEY_UIMainStoryboardFile = Main;
				INFOPLIST_KEY_UISupportedInterfaceOrientations_iPad = "UIInterfaceOrientationPortrait UIInterfaceOrientationPortraitUpsideDown UIInterfaceOrientationLandscapeLeft UIInterfaceOrientationLandscapeRight";
				INFOPLIST_KEY_UISupportedInterfaceOrientations_iPhone = "UIInterfaceOrientationPortrait UIInterfaceOrientationLandscapeLeft UIInterfaceOrientationLandscapeRight";
				LD_RUNPATH_SEARCH_PATHS = (
					"$(inherited)",
					"@executable_path/Frameworks",
				);
				MARKETING_VERSION = 1.0;
				PRODUCT_BUNDLE_IDENTIFIER = manni.codebrewery.pokemon;
				PRODUCT_NAME = "$(TARGET_NAME)";
				SWIFT_EMIT_LOC_STRINGS = YES;
				SWIFT_VERSION = 5.0;
				TARGETED_DEVICE_FAMILY = "1,2";
			};
			name = Debug;
		};
		46A4ADA129C470B9002A59E6 /* Release */ = {
			isa = XCBuildConfiguration;
			buildSettings = {
				ASSETCATALOG_COMPILER_APPICON_NAME = AppIcon;
				ASSETCATALOG_COMPILER_GLOBAL_ACCENT_COLOR_NAME = AccentColor;
				CODE_SIGN_STYLE = Automatic;
				CURRENT_PROJECT_VERSION = 1;
				DEVELOPMENT_TEAM = 28BNK8355W;
				GENERATE_INFOPLIST_FILE = YES;
				INFOPLIST_FILE = PokemonFetchApp/Info.plist;
				INFOPLIST_KEY_UIApplicationSupportsIndirectInputEvents = YES;
				INFOPLIST_KEY_UILaunchStoryboardName = LaunchScreen;
				INFOPLIST_KEY_UIMainStoryboardFile = Main;
				INFOPLIST_KEY_UISupportedInterfaceOrientations_iPad = "UIInterfaceOrientationPortrait UIInterfaceOrientationPortraitUpsideDown UIInterfaceOrientationLandscapeLeft UIInterfaceOrientationLandscapeRight";
				INFOPLIST_KEY_UISupportedInterfaceOrientations_iPhone = "UIInterfaceOrientationPortrait UIInterfaceOrientationLandscapeLeft UIInterfaceOrientationLandscapeRight";
				LD_RUNPATH_SEARCH_PATHS = (
					"$(inherited)",
					"@executable_path/Frameworks",
				);
				MARKETING_VERSION = 1.0;
				PRODUCT_BUNDLE_IDENTIFIER = manni.codebrewery.pokemon;
				PRODUCT_NAME = "$(TARGET_NAME)";
				SWIFT_EMIT_LOC_STRINGS = YES;
				SWIFT_VERSION = 5.0;
				TARGETED_DEVICE_FAMILY = "1,2";
			};
			name = Release;
		};
/* End XCBuildConfiguration section */

/* Begin XCConfigurationList section */
		46A4AD8629C470B7002A59E6 /* Build configuration list for PBXProject "PokemonFetchApp" */ = {
			isa = XCConfigurationList;
			buildConfigurations = (
				46A4AD9D29C470B9002A59E6 /* Debug */,
				46A4AD9E29C470B9002A59E6 /* Release */,
			);
			defaultConfigurationIsVisible = 0;
			defaultConfigurationName = Release;
		};
		46A4AD9F29C470B9002A59E6 /* Build configuration list for PBXNativeTarget "PokemonFetchApp" */ = {
			isa = XCConfigurationList;
			buildConfigurations = (
				46A4ADA029C470B9002A59E6 /* Debug */,
				46A4ADA129C470B9002A59E6 /* Release */,
			);
			defaultConfigurationIsVisible = 0;
			defaultConfigurationName = Release;
		};
/* End XCConfigurationList section */
	};
	rootObject = 46A4AD8329C470B7002A59E6 /* Project object */;
}
